// !$*UTF8*$!
{
	archiveVersion = 1;
	classes = {
	};
	objectVersion = 46;
	objects = {

/* Begin PBXBuildFile section */
		CE042229187D2F2700450137 /* HMSegmentedControl.m in Sources */ = {isa = PBXBuildFile; fileRef = CE042228187D2F2700450137 /* HMSegmentedControl.m */; };
		CE042230187D310800450137 /* ProductDetailViewController.m in Sources */ = {isa = PBXBuildFile; fileRef = CE04222E187D310800450137 /* ProductDetailViewController.m */; };
		CE042231187D310800450137 /* ProductDetailViewController.xib in Resources */ = {isa = PBXBuildFile; fileRef = CE04222F187D310800450137 /* ProductDetailViewController.xib */; };
		CE042235187D37E900450137 /* AddWishViewController.m in Sources */ = {isa = PBXBuildFile; fileRef = CE042233187D37E800450137 /* AddWishViewController.m */; };
		CE042236187D37E900450137 /* AddWishViewController.xib in Resources */ = {isa = PBXBuildFile; fileRef = CE042234187D37E900450137 /* AddWishViewController.xib */; };
		CE042238187D3B2200450137 /* QuartzCore.framework in Frameworks */ = {isa = PBXBuildFile; fileRef = CE042237187D3B2200450137 /* QuartzCore.framework */; };
		CE12834D186D5B47000D9A2A /* Wish.m in Sources */ = {isa = PBXBuildFile; fileRef = CE12834C186D5B47000D9A2A /* Wish.m */; };
		CE128350186D5B65000D9A2A /* ElementsContainer.m in Sources */ = {isa = PBXBuildFile; fileRef = CE12834F186D5B65000D9A2A /* ElementsContainer.m */; };
		CE128353186D5BF5000D9A2A /* WishPageParser.m in Sources */ = {isa = PBXBuildFile; fileRef = CE128352186D5BF5000D9A2A /* WishPageParser.m */; };
		CE128358186D6F77000D9A2A /* WishTableViewCell.m in Sources */ = {isa = PBXBuildFile; fileRef = CE128357186D6F77000D9A2A /* WishTableViewCell.m */; };
		CE12835B186D74FF000D9A2A /* ViewUtility.m in Sources */ = {isa = PBXBuildFile; fileRef = CE12835A186D74FF000D9A2A /* ViewUtility.m */; };
		CE6E2416187BE1EB001672E6 /* profile.jpeg in Resources */ = {isa = PBXBuildFile; fileRef = CE6E2418187BE1EB001672E6 /* profile.jpeg */; };
		CE6EAEA318867A4400ACE7A5 /* ImageCollectionViewCell.xib in Resources */ = {isa = PBXBuildFile; fileRef = CE6EAEA218867A4400ACE7A5 /* ImageCollectionViewCell.xib */; };
		CEA1BC611864490E00C659DA /* libxml2.dylib in Frameworks */ = {isa = PBXBuildFile; fileRef = CEA1BC601864490E00C659DA /* libxml2.dylib */; };
		CEA1BC631864491600C659DA /* MobileCoreServices.framework in Frameworks */ = {isa = PBXBuildFile; fileRef = CEA1BC621864491600C659DA /* MobileCoreServices.framework */; };
		CEA1BC651864491D00C659DA /* SystemConfiguration.framework in Frameworks */ = {isa = PBXBuildFile; fileRef = CEA1BC641864491D00C659DA /* SystemConfiguration.framework */; };
		CEA1BC671864492200C659DA /* CFNetwork.framework in Frameworks */ = {isa = PBXBuildFile; fileRef = CEA1BC661864492200C659DA /* CFNetwork.framework */; };
		CEA1BC691864492A00C659DA /* libz.dylib in Frameworks */ = {isa = PBXBuildFile; fileRef = CEA1BC681864492A00C659DA /* libz.dylib */; };
		CEB463761867DE7B00452BD2 /* Localizable.strings in Resources */ = {isa = PBXBuildFile; fileRef = CEB463781867DE7B00452BD2 /* Localizable.strings */; };
		CEB4638118680EC900452BD2 /* IntroductionViewController.m in Sources */ = {isa = PBXBuildFile; fileRef = CEB4637F18680EC900452BD2 /* IntroductionViewController.m */; };
		CEB4638218680EC900452BD2 /* IntroductionViewController.xib in Resources */ = {isa = PBXBuildFile; fileRef = CEB4638018680EC900452BD2 /* IntroductionViewController.xib */; };
		CEB4638B18681D8D00452BD2 /* BrowseViewController.m in Sources */ = {isa = PBXBuildFile; fileRef = CEB4638918681D8D00452BD2 /* BrowseViewController.m */; };
		CEB4638C18681D8D00452BD2 /* BrowseViewController.xib in Resources */ = {isa = PBXBuildFile; fileRef = CEB4638A18681D8D00452BD2 /* BrowseViewController.xib */; };
		CEB4638F18681DEA00452BD2 /* AccoutViewController.m in Sources */ = {isa = PBXBuildFile; fileRef = CEB4638E18681DEA00452BD2 /* AccoutViewController.m */; };
		CEB463931868355C00452BD2 /* WishWallTableViewController.m in Sources */ = {isa = PBXBuildFile; fileRef = CEB463911868355C00452BD2 /* WishWallTableViewController.m */; };
		CEB463941868355C00452BD2 /* WishWallTableViewController.xib in Resources */ = {isa = PBXBuildFile; fileRef = CEB463921868355C00452BD2 /* WishWallTableViewController.xib */; };
		CEB46398186936D300452BD2 /* RequestURLUtility.m in Sources */ = {isa = PBXBuildFile; fileRef = CEB46397186936D300452BD2 /* RequestURLUtility.m */; };
		CEC187BB187150870045AFA4 /* UIImage+Resize.m in Sources */ = {isa = PBXBuildFile; fileRef = CEC187BA187150870045AFA4 /* UIImage+Resize.m */; };
		CEC187BE187156E20045AFA4 /* Product.m in Sources */ = {isa = PBXBuildFile; fileRef = CEC187BD187156E20045AFA4 /* Product.m */; };
		CEC187C11871570F0045AFA4 /* User.m in Sources */ = {isa = PBXBuildFile; fileRef = CEC187C01871570F0045AFA4 /* User.m */; };
		CEC187C418715E7C0045AFA4 /* Organization.m in Sources */ = {isa = PBXBuildFile; fileRef = CEC187C318715E7C0045AFA4 /* Organization.m */; };
		CEC187E3187265450045AFA4 /* MKAnnotationView+WebCache.m in Sources */ = {isa = PBXBuildFile; fileRef = CEC187C7187265450045AFA4 /* MKAnnotationView+WebCache.m */; settings = {COMPILER_FLAGS = " -fobjc-arc"; }; };
		CEC187E4187265450045AFA4 /* NSData+GIF.m in Sources */ = {isa = PBXBuildFile; fileRef = CEC187C9187265450045AFA4 /* NSData+GIF.m */; settings = {COMPILER_FLAGS = " -fobjc-arc"; }; };
		CEC187E5187265450045AFA4 /* SDImageCache.m in Sources */ = {isa = PBXBuildFile; fileRef = CEC187CB187265450045AFA4 /* SDImageCache.m */; settings = {COMPILER_FLAGS = " -fobjc-arc"; }; };
		CEC187E6187265450045AFA4 /* SDWebImageCompat.m in Sources */ = {isa = PBXBuildFile; fileRef = CEC187CD187265450045AFA4 /* SDWebImageCompat.m */; settings = {COMPILER_FLAGS = " -fobjc-arc"; }; };
		CEC187E7187265450045AFA4 /* SDWebImageDecoder.m in Sources */ = {isa = PBXBuildFile; fileRef = CEC187CF187265450045AFA4 /* SDWebImageDecoder.m */; settings = {COMPILER_FLAGS = " -fobjc-arc"; }; };
		CEC187E8187265450045AFA4 /* SDWebImageDownloader.m in Sources */ = {isa = PBXBuildFile; fileRef = CEC187D1187265450045AFA4 /* SDWebImageDownloader.m */; settings = {COMPILER_FLAGS = " -fobjc-arc"; }; };
		CEC187E9187265450045AFA4 /* SDWebImageDownloaderOperation.m in Sources */ = {isa = PBXBuildFile; fileRef = CEC187D3187265450045AFA4 /* SDWebImageDownloaderOperation.m */; settings = {COMPILER_FLAGS = " -fobjc-arc"; }; };
		CEC187EA187265450045AFA4 /* SDWebImageManager.m in Sources */ = {isa = PBXBuildFile; fileRef = CEC187D5187265450045AFA4 /* SDWebImageManager.m */; settings = {COMPILER_FLAGS = " -fobjc-arc"; }; };
		CEC187EB187265450045AFA4 /* SDWebImagePrefetcher.m in Sources */ = {isa = PBXBuildFile; fileRef = CEC187D8187265450045AFA4 /* SDWebImagePrefetcher.m */; settings = {COMPILER_FLAGS = " -fobjc-arc"; }; };
		CEC187EC187265450045AFA4 /* UIButton+WebCache.m in Sources */ = {isa = PBXBuildFile; fileRef = CEC187DA187265450045AFA4 /* UIButton+WebCache.m */; settings = {COMPILER_FLAGS = " -fobjc-arc"; }; };
		CEC187ED187265450045AFA4 /* UIImage+GIF.m in Sources */ = {isa = PBXBuildFile; fileRef = CEC187DC187265450045AFA4 /* UIImage+GIF.m */; settings = {COMPILER_FLAGS = " -fobjc-arc"; }; };
		CEC187EE187265450045AFA4 /* UIImage+MultiFormat.m in Sources */ = {isa = PBXBuildFile; fileRef = CEC187DE187265450045AFA4 /* UIImage+MultiFormat.m */; settings = {COMPILER_FLAGS = " -fobjc-arc"; }; };
		CEC187EF187265450045AFA4 /* UIImage+WebP.m in Sources */ = {isa = PBXBuildFile; fileRef = CEC187E0187265450045AFA4 /* UIImage+WebP.m */; settings = {COMPILER_FLAGS = " -fobjc-arc"; }; };
		CEC187F0187265450045AFA4 /* UIImageView+WebCache.m in Sources */ = {isa = PBXBuildFile; fileRef = CEC187E2187265450045AFA4 /* UIImageView+WebCache.m */; settings = {COMPILER_FLAGS = " -fobjc-arc"; }; };
		CEC187F2187267040045AFA4 /* CoreImage.framework in Frameworks */ = {isa = PBXBuildFile; fileRef = CEC187F1187267040045AFA4 /* CoreImage.framework */; };
		CEC187F41872672E0045AFA4 /* ImageIO.framework in Frameworks */ = {isa = PBXBuildFile; fileRef = CEC187F31872672D0045AFA4 /* ImageIO.framework */; };
		CEC187F6187267470045AFA4 /* MapKit.framework in Frameworks */ = {isa = PBXBuildFile; fileRef = CEC187F5187267470045AFA4 /* MapKit.framework */; };
		CEC187F91872A7AA0045AFA4 /* FakeDataFactory.m in Sources */ = {isa = PBXBuildFile; fileRef = CEC187F81872A7AA0045AFA4 /* FakeDataFactory.m */; };
		CED6B34118769FB6004679F7 /* ImageInfo.m in Sources */ = {isa = PBXBuildFile; fileRef = CED6B34018769FB6004679F7 /* ImageInfo.m */; };
		CEF524DF18877A7F0063E830 /* QBAssetCollectionViewController.m in Sources */ = {isa = PBXBuildFile; fileRef = CEF524CE18877A7F0063E830 /* QBAssetCollectionViewController.m */; };
		CEF524E018877A7F0063E830 /* QBImagePickerAssetCell.m in Sources */ = {isa = PBXBuildFile; fileRef = CEF524D118877A7F0063E830 /* QBImagePickerAssetCell.m */; };
		CEF524E118877A7F0063E830 /* QBImagePickerAssetView.m in Sources */ = {isa = PBXBuildFile; fileRef = CEF524D418877A7F0063E830 /* QBImagePickerAssetView.m */; };
		CEF524E218877A7F0063E830 /* QBImagePickerController.bundle in Resources */ = {isa = PBXBuildFile; fileRef = CEF524D618877A7F0063E830 /* QBImagePickerController.bundle */; };
		CEF524E318877A7F0063E830 /* QBImagePickerController.m in Sources */ = {isa = PBXBuildFile; fileRef = CEF524D818877A7F0063E830 /* QBImagePickerController.m */; };
		CEF524E418877A7F0063E830 /* QBImagePickerFooterView.m in Sources */ = {isa = PBXBuildFile; fileRef = CEF524DA18877A7F0063E830 /* QBImagePickerFooterView.m */; };
		CEF524E518877A7F0063E830 /* QBImagePickerGroupCell.m in Sources */ = {isa = PBXBuildFile; fileRef = CEF524DC18877A7F0063E830 /* QBImagePickerGroupCell.m */; };
		CEF524E618877A7F0063E830 /* QBImagePickerVideoInfoView.m in Sources */ = {isa = PBXBuildFile; fileRef = CEF524DE18877A7F0063E830 /* QBImagePickerVideoInfoView.m */; };
		CEF524E818877B180063E830 /* AssetsLibrary.framework in Frameworks */ = {isa = PBXBuildFile; fileRef = CEF524E718877B180063E830 /* AssetsLibrary.framework */; };
		CEF5D547186447A1005E4859 /* UIKit.framework in Frameworks */ = {isa = PBXBuildFile; fileRef = CEF5D546186447A1005E4859 /* UIKit.framework */; };
		CEF5D549186447A1005E4859 /* Foundation.framework in Frameworks */ = {isa = PBXBuildFile; fileRef = CEF5D548186447A1005E4859 /* Foundation.framework */; };
		CEF5D54B186447A1005E4859 /* CoreGraphics.framework in Frameworks */ = {isa = PBXBuildFile; fileRef = CEF5D54A186447A1005E4859 /* CoreGraphics.framework */; };
		CEF5D551186447A1005E4859 /* InfoPlist.strings in Resources */ = {isa = PBXBuildFile; fileRef = CEF5D54F186447A1005E4859 /* InfoPlist.strings */; };
		CEF5D553186447A1005E4859 /* main.m in Sources */ = {isa = PBXBuildFile; fileRef = CEF5D552186447A1005E4859 /* main.m */; };
		CEF5D557186447A1005E4859 /* AppDelegate.m in Sources */ = {isa = PBXBuildFile; fileRef = CEF5D556186447A1005E4859 /* AppDelegate.m */; };
		CEF5D559186447A1005E4859 /* Default.png in Resources */ = {isa = PBXBuildFile; fileRef = CEF5D558186447A1005E4859 /* Default.png */; };
		CEF5D55B186447A1005E4859 /* Default@2x.png in Resources */ = {isa = PBXBuildFile; fileRef = CEF5D55A186447A1005E4859 /* Default@2x.png */; };
		CEF5D55D186447A1005E4859 /* Default-568h@2x.png in Resources */ = {isa = PBXBuildFile; fileRef = CEF5D55C186447A1005E4859 /* Default-568h@2x.png */; };
		CEF5D565186447A1005E4859 /* SenTestingKit.framework in Frameworks */ = {isa = PBXBuildFile; fileRef = CEF5D564186447A1005E4859 /* SenTestingKit.framework */; };
		CEF5D566186447A1005E4859 /* UIKit.framework in Frameworks */ = {isa = PBXBuildFile; fileRef = CEF5D546186447A1005E4859 /* UIKit.framework */; };
		CEF5D567186447A1005E4859 /* Foundation.framework in Frameworks */ = {isa = PBXBuildFile; fileRef = CEF5D548186447A1005E4859 /* Foundation.framework */; };
		CEF5D56F186447A1005E4859 /* InfoPlist.strings in Resources */ = {isa = PBXBuildFile; fileRef = CEF5D56D186447A1005E4859 /* InfoPlist.strings */; };
		CEF5D572186447A1005E4859 /* HeartTraceTests.m in Sources */ = {isa = PBXBuildFile; fileRef = CEF5D571186447A1005E4859 /* HeartTraceTests.m */; };
		CEF5D6081864482E005E4859 /* ASIAuthenticationDialog.m in Sources */ = {isa = PBXBuildFile; fileRef = CEF5D5D11864482E005E4859 /* ASIAuthenticationDialog.m */; };
		CEF5D6091864482E005E4859 /* ASIDataCompressor.m in Sources */ = {isa = PBXBuildFile; fileRef = CEF5D5D41864482E005E4859 /* ASIDataCompressor.m */; };
		CEF5D60A1864482E005E4859 /* ASIDataDecompressor.m in Sources */ = {isa = PBXBuildFile; fileRef = CEF5D5D61864482E005E4859 /* ASIDataDecompressor.m */; };
		CEF5D60B1864482E005E4859 /* ASIDownloadCache.m in Sources */ = {isa = PBXBuildFile; fileRef = CEF5D5D81864482E005E4859 /* ASIDownloadCache.m */; };
		CEF5D60C1864482E005E4859 /* ASIFormDataRequest.m in Sources */ = {isa = PBXBuildFile; fileRef = CEF5D5DA1864482E005E4859 /* ASIFormDataRequest.m */; };
		CEF5D60D1864482E005E4859 /* ASIHTTPRequest.m in Sources */ = {isa = PBXBuildFile; fileRef = CEF5D5DC1864482E005E4859 /* ASIHTTPRequest.m */; };
		CEF5D60E1864482E005E4859 /* ASIInputStream.m in Sources */ = {isa = PBXBuildFile; fileRef = CEF5D5E01864482E005E4859 /* ASIInputStream.m */; };
		CEF5D60F1864482E005E4859 /* ASINetworkQueue.m in Sources */ = {isa = PBXBuildFile; fileRef = CEF5D5E21864482E005E4859 /* ASINetworkQueue.m */; };
		CEF5D6101864482E005E4859 /* ASIWebPageRequest.m in Sources */ = {isa = PBXBuildFile; fileRef = CEF5D5E61864482E005E4859 /* ASIWebPageRequest.m */; };
		CEF5D6111864482E005E4859 /* ASICloudFilesCDNRequest.m in Sources */ = {isa = PBXBuildFile; fileRef = CEF5D5E91864482E005E4859 /* ASICloudFilesCDNRequest.m */; };
		CEF5D6121864482E005E4859 /* ASICloudFilesContainer.m in Sources */ = {isa = PBXBuildFile; fileRef = CEF5D5EB1864482E005E4859 /* ASICloudFilesContainer.m */; };
		CEF5D6131864482E005E4859 /* ASICloudFilesContainerRequest.m in Sources */ = {isa = PBXBuildFile; fileRef = CEF5D5ED1864482E005E4859 /* ASICloudFilesContainerRequest.m */; };
		CEF5D6141864482E005E4859 /* ASICloudFilesContainerXMLParserDelegate.m in Sources */ = {isa = PBXBuildFile; fileRef = CEF5D5EF1864482E005E4859 /* ASICloudFilesContainerXMLParserDelegate.m */; };
		CEF5D6151864482E005E4859 /* ASICloudFilesObject.m in Sources */ = {isa = PBXBuildFile; fileRef = CEF5D5F11864482E005E4859 /* ASICloudFilesObject.m */; };
		CEF5D6161864482E005E4859 /* ASICloudFilesObjectRequest.m in Sources */ = {isa = PBXBuildFile; fileRef = CEF5D5F31864482E005E4859 /* ASICloudFilesObjectRequest.m */; };
		CEF5D6171864482E005E4859 /* ASICloudFilesRequest.m in Sources */ = {isa = PBXBuildFile; fileRef = CEF5D5F51864482E005E4859 /* ASICloudFilesRequest.m */; };
		CEF5D6181864482E005E4859 /* ASIS3Bucket.m in Sources */ = {isa = PBXBuildFile; fileRef = CEF5D5F91864482E005E4859 /* ASIS3Bucket.m */; };
		CEF5D6191864482E005E4859 /* ASIS3BucketObject.m in Sources */ = {isa = PBXBuildFile; fileRef = CEF5D5FB1864482E005E4859 /* ASIS3BucketObject.m */; };
		CEF5D61A1864482E005E4859 /* ASIS3BucketRequest.m in Sources */ = {isa = PBXBuildFile; fileRef = CEF5D5FD1864482E005E4859 /* ASIS3BucketRequest.m */; };
		CEF5D61B1864482E005E4859 /* ASIS3ObjectRequest.m in Sources */ = {isa = PBXBuildFile; fileRef = CEF5D5FF1864482E005E4859 /* ASIS3ObjectRequest.m */; };
		CEF5D61C1864482E005E4859 /* ASIS3Request.m in Sources */ = {isa = PBXBuildFile; fileRef = CEF5D6011864482E005E4859 /* ASIS3Request.m */; };
		CEF5D61D1864482E005E4859 /* ASIS3ServiceRequest.m in Sources */ = {isa = PBXBuildFile; fileRef = CEF5D6031864482E005E4859 /* ASIS3ServiceRequest.m */; };
		CEF5D61E1864482E005E4859 /* Reachability.m in Sources */ = {isa = PBXBuildFile; fileRef = CEF5D6071864482E005E4859 /* Reachability.m */; };
/* End PBXBuildFile section */

/* Begin PBXContainerItemProxy section */
		CEF5D568186447A1005E4859 /* PBXContainerItemProxy */ = {
			isa = PBXContainerItemProxy;
			containerPortal = CEF5D53B186447A1005E4859 /* Project object */;
			proxyType = 1;
			remoteGlobalIDString = CEF5D542186447A1005E4859;
			remoteInfo = HeartTrace;
		};
/* End PBXContainerItemProxy section */

/* Begin PBXFileReference section */
		CE042227187D2F2700450137 /* HMSegmentedControl.h */ = {isa = PBXFileReference; fileEncoding = 4; lastKnownFileType = sourcecode.c.h; name = HMSegmentedControl.h; path = View/CustomView/HMSegmentedControl.h; sourceTree = "<group>"; };
		CE042228187D2F2700450137 /* HMSegmentedControl.m */ = {isa = PBXFileReference; fileEncoding = 4; lastKnownFileType = sourcecode.c.objc; name = HMSegmentedControl.m; path = View/CustomView/HMSegmentedControl.m; sourceTree = "<group>"; };
		CE04222D187D310800450137 /* ProductDetailViewController.h */ = {isa = PBXFileReference; fileEncoding = 4; lastKnownFileType = sourcecode.c.h; name = ProductDetailViewController.h; path = ViewController/ProductDetailViewController.h; sourceTree = "<group>"; };
		CE04222E187D310800450137 /* ProductDetailViewController.m */ = {isa = PBXFileReference; fileEncoding = 4; lastKnownFileType = sourcecode.c.objc; name = ProductDetailViewController.m; path = ViewController/ProductDetailViewController.m; sourceTree = "<group>"; };
		CE04222F187D310800450137 /* ProductDetailViewController.xib */ = {isa = PBXFileReference; fileEncoding = 4; lastKnownFileType = file.xib; name = ProductDetailViewController.xib; path = ViewController/ProductDetailViewController.xib; sourceTree = "<group>"; };
		CE042232187D37E800450137 /* AddWishViewController.h */ = {isa = PBXFileReference; fileEncoding = 4; lastKnownFileType = sourcecode.c.h; name = AddWishViewController.h; path = ViewController/AddWishViewController.h; sourceTree = "<group>"; };
		CE042233187D37E800450137 /* AddWishViewController.m */ = {isa = PBXFileReference; fileEncoding = 4; lastKnownFileType = sourcecode.c.objc; name = AddWishViewController.m; path = ViewController/AddWishViewController.m; sourceTree = "<group>"; };
		CE042234187D37E900450137 /* AddWishViewController.xib */ = {isa = PBXFileReference; fileEncoding = 4; lastKnownFileType = file.xib; name = AddWishViewController.xib; path = ViewController/AddWishViewController.xib; sourceTree = "<group>"; };
		CE042237187D3B2200450137 /* QuartzCore.framework */ = {isa = PBXFileReference; lastKnownFileType = wrapper.framework; name = QuartzCore.framework; path = System/Library/Frameworks/QuartzCore.framework; sourceTree = SDKROOT; };
		CE12834B186D5B47000D9A2A /* Wish.h */ = {isa = PBXFileReference; fileEncoding = 4; lastKnownFileType = sourcecode.c.h; name = Wish.h; path = Model/Wish.h; sourceTree = "<group>"; };
		CE12834C186D5B47000D9A2A /* Wish.m */ = {isa = PBXFileReference; fileEncoding = 4; lastKnownFileType = sourcecode.c.objc; name = Wish.m; path = Model/Wish.m; sourceTree = "<group>"; };
		CE12834E186D5B65000D9A2A /* ElementsContainer.h */ = {isa = PBXFileReference; fileEncoding = 4; lastKnownFileType = sourcecode.c.h; name = ElementsContainer.h; path = Model/ElementsContainer.h; sourceTree = "<group>"; };
		CE12834F186D5B65000D9A2A /* ElementsContainer.m */ = {isa = PBXFileReference; fileEncoding = 4; lastKnownFileType = sourcecode.c.objc; name = ElementsContainer.m; path = Model/ElementsContainer.m; sourceTree = "<group>"; };
		CE128351186D5BF5000D9A2A /* WishPageParser.h */ = {isa = PBXFileReference; fileEncoding = 4; lastKnownFileType = sourcecode.c.h; name = WishPageParser.h; path = Model/WishPageParser.h; sourceTree = "<group>"; };
		CE128352186D5BF5000D9A2A /* WishPageParser.m */ = {isa = PBXFileReference; fileEncoding = 4; lastKnownFileType = sourcecode.c.objc; name = WishPageParser.m; path = Model/WishPageParser.m; sourceTree = "<group>"; };
		CE128356186D6F77000D9A2A /* WishTableViewCell.h */ = {isa = PBXFileReference; fileEncoding = 4; lastKnownFileType = sourcecode.c.h; name = WishTableViewCell.h; path = View/Cell/WishTableViewCell.h; sourceTree = "<group>"; };
		CE128357186D6F77000D9A2A /* WishTableViewCell.m */ = {isa = PBXFileReference; fileEncoding = 4; lastKnownFileType = sourcecode.c.objc; name = WishTableViewCell.m; path = View/Cell/WishTableViewCell.m; sourceTree = "<group>"; };
		CE128359186D74FF000D9A2A /* ViewUtility.h */ = {isa = PBXFileReference; fileEncoding = 4; lastKnownFileType = sourcecode.c.h; name = ViewUtility.h; path = Util/CustomUtil/ViewUtility.h; sourceTree = "<group>"; };
		CE12835A186D74FF000D9A2A /* ViewUtility.m */ = {isa = PBXFileReference; fileEncoding = 4; lastKnownFileType = sourcecode.c.objc; name = ViewUtility.m; path = Util/CustomUtil/ViewUtility.m; sourceTree = "<group>"; };
		CE6E2417187BE1EB001672E6 /* zh-Hans */ = {isa = PBXFileReference; lastKnownFileType = image.jpeg; name = "zh-Hans"; path = "zh-Hans.lproj/profile.jpeg"; sourceTree = "<group>"; };
		CE6E2419187BE232001672E6 /* en */ = {isa = PBXFileReference; lastKnownFileType = image.jpeg; name = en; path = en.lproj/profile.jpeg; sourceTree = "<group>"; };
		CE6E241A187BE337001672E6 /* ImageNameConst.h */ = {isa = PBXFileReference; fileEncoding = 4; lastKnownFileType = sourcecode.c.h; name = ImageNameConst.h; path = Configure/ImageNameConst.h; sourceTree = "<group>"; };
		CE6EAEA218867A4400ACE7A5 /* ImageCollectionViewCell.xib */ = {isa = PBXFileReference; fileEncoding = 4; lastKnownFileType = file.xib; name = ImageCollectionViewCell.xib; path = View/Cell/ImageCollectionViewCell.xib; sourceTree = "<group>"; };
		CEA1BC601864490E00C659DA /* libxml2.dylib */ = {isa = PBXFileReference; lastKnownFileType = "compiled.mach-o.dylib"; name = libxml2.dylib; path = usr/lib/libxml2.dylib; sourceTree = SDKROOT; };
		CEA1BC621864491600C659DA /* MobileCoreServices.framework */ = {isa = PBXFileReference; lastKnownFileType = wrapper.framework; name = MobileCoreServices.framework; path = System/Library/Frameworks/MobileCoreServices.framework; sourceTree = SDKROOT; };
		CEA1BC641864491D00C659DA /* SystemConfiguration.framework */ = {isa = PBXFileReference; lastKnownFileType = wrapper.framework; name = SystemConfiguration.framework; path = System/Library/Frameworks/SystemConfiguration.framework; sourceTree = SDKROOT; };
		CEA1BC661864492200C659DA /* CFNetwork.framework */ = {isa = PBXFileReference; lastKnownFileType = wrapper.framework; name = CFNetwork.framework; path = System/Library/Frameworks/CFNetwork.framework; sourceTree = SDKROOT; };
		CEA1BC681864492A00C659DA /* libz.dylib */ = {isa = PBXFileReference; lastKnownFileType = "compiled.mach-o.dylib"; name = libz.dylib; path = usr/lib/libz.dylib; sourceTree = SDKROOT; };
		CEA1BC6B18644BC100C659DA /* ConstConfigure.h */ = {isa = PBXFileReference; fileEncoding = 4; lastKnownFileType = sourcecode.c.h; name = ConstConfigure.h; path = Configure/ConstConfigure.h; sourceTree = "<group>"; };
		CEA1BC6E186450DA00C659DA /* DefaultValueConfigure.h */ = {isa = PBXFileReference; fileEncoding = 4; lastKnownFileType = sourcecode.c.h; name = DefaultValueConfigure.h; path = Configure/DefaultValueConfigure.h; sourceTree = "<group>"; };
		CEB463721867DD0F00452BD2 /* zh-Hans */ = {isa = PBXFileReference; lastKnownFileType = text.plist.strings; name = "zh-Hans"; path = "zh-Hans.lproj/InfoPlist.strings"; sourceTree = "<group>"; };
		CEB463731867DD0F00452BD2 /* zh-Hans */ = {isa = PBXFileReference; lastKnownFileType = text.plist.strings; name = "zh-Hans"; path = "zh-Hans.lproj/InfoPlist.strings"; sourceTree = "<group>"; };
		CEB463771867DE7B00452BD2 /* zh-Hans */ = {isa = PBXFileReference; lastKnownFileType = text.plist.strings; name = "zh-Hans"; path = "zh-Hans.lproj/Localizable.strings"; sourceTree = "<group>"; };
		CEB463791867DEB800452BD2 /* en */ = {isa = PBXFileReference; lastKnownFileType = text.plist.strings; name = en; path = en.lproj/Localizable.strings; sourceTree = "<group>"; };
		CEB4637E18680EC900452BD2 /* IntroductionViewController.h */ = {isa = PBXFileReference; fileEncoding = 4; lastKnownFileType = sourcecode.c.h; name = IntroductionViewController.h; path = ViewController/IntroductionViewController.h; sourceTree = "<group>"; };
		CEB4637F18680EC900452BD2 /* IntroductionViewController.m */ = {isa = PBXFileReference; fileEncoding = 4; lastKnownFileType = sourcecode.c.objc; name = IntroductionViewController.m; path = ViewController/IntroductionViewController.m; sourceTree = "<group>"; };
		CEB4638018680EC900452BD2 /* IntroductionViewController.xib */ = {isa = PBXFileReference; fileEncoding = 4; lastKnownFileType = file.xib; name = IntroductionViewController.xib; path = ViewController/IntroductionViewController.xib; sourceTree = "<group>"; };
		CEB4638818681D8D00452BD2 /* BrowseViewController.h */ = {isa = PBXFileReference; fileEncoding = 4; lastKnownFileType = sourcecode.c.h; name = BrowseViewController.h; path = ViewController/BrowseViewController.h; sourceTree = "<group>"; };
		CEB4638918681D8D00452BD2 /* BrowseViewController.m */ = {isa = PBXFileReference; fileEncoding = 4; lastKnownFileType = sourcecode.c.objc; name = BrowseViewController.m; path = ViewController/BrowseViewController.m; sourceTree = "<group>"; };
		CEB4638A18681D8D00452BD2 /* BrowseViewController.xib */ = {isa = PBXFileReference; fileEncoding = 4; lastKnownFileType = file.xib; name = BrowseViewController.xib; path = ViewController/BrowseViewController.xib; sourceTree = "<group>"; };
		CEB4638D18681DEA00452BD2 /* AccoutViewController.h */ = {isa = PBXFileReference; fileEncoding = 4; lastKnownFileType = sourcecode.c.h; name = AccoutViewController.h; path = ViewController/AccoutViewController.h; sourceTree = "<group>"; };
		CEB4638E18681DEA00452BD2 /* AccoutViewController.m */ = {isa = PBXFileReference; fileEncoding = 4; lastKnownFileType = sourcecode.c.objc; name = AccoutViewController.m; path = ViewController/AccoutViewController.m; sourceTree = "<group>"; };
		CEB463901868355C00452BD2 /* WishWallTableViewController.h */ = {isa = PBXFileReference; fileEncoding = 4; lastKnownFileType = sourcecode.c.h; name = WishWallTableViewController.h; path = ViewController/WishWallTableViewController.h; sourceTree = "<group>"; };
		CEB463911868355C00452BD2 /* WishWallTableViewController.m */ = {isa = PBXFileReference; fileEncoding = 4; lastKnownFileType = sourcecode.c.objc; name = WishWallTableViewController.m; path = ViewController/WishWallTableViewController.m; sourceTree = "<group>"; };
		CEB463921868355C00452BD2 /* WishWallTableViewController.xib */ = {isa = PBXFileReference; fileEncoding = 4; lastKnownFileType = file.xib; name = WishWallTableViewController.xib; path = ViewController/WishWallTableViewController.xib; sourceTree = "<group>"; };
		CEB46396186936D300452BD2 /* RequestURLUtility.h */ = {isa = PBXFileReference; fileEncoding = 4; lastKnownFileType = sourcecode.c.h; name = RequestURLUtility.h; path = Util/CustomUtil/RequestURLUtility.h; sourceTree = "<group>"; };
		CEB46397186936D300452BD2 /* RequestURLUtility.m */ = {isa = PBXFileReference; fileEncoding = 4; lastKnownFileType = sourcecode.c.objc; name = RequestURLUtility.m; path = Util/CustomUtil/RequestURLUtility.m; sourceTree = "<group>"; };
		CEC187B9187150870045AFA4 /* UIImage+Resize.h */ = {isa = PBXFileReference; fileEncoding = 4; lastKnownFileType = sourcecode.c.h; name = "UIImage+Resize.h"; path = "Util/Category/UIImage+Resize.h"; sourceTree = "<group>"; };
		CEC187BA187150870045AFA4 /* UIImage+Resize.m */ = {isa = PBXFileReference; fileEncoding = 4; lastKnownFileType = sourcecode.c.objc; name = "UIImage+Resize.m"; path = "Util/Category/UIImage+Resize.m"; sourceTree = "<group>"; };
		CEC187BC187156E20045AFA4 /* Product.h */ = {isa = PBXFileReference; fileEncoding = 4; lastKnownFileType = sourcecode.c.h; name = Product.h; path = Model/Product.h; sourceTree = "<group>"; };
		CEC187BD187156E20045AFA4 /* Product.m */ = {isa = PBXFileReference; fileEncoding = 4; lastKnownFileType = sourcecode.c.objc; name = Product.m; path = Model/Product.m; sourceTree = "<group>"; };
		CEC187BF1871570F0045AFA4 /* User.h */ = {isa = PBXFileReference; fileEncoding = 4; lastKnownFileType = sourcecode.c.h; name = User.h; path = Model/User.h; sourceTree = "<group>"; };
		CEC187C01871570F0045AFA4 /* User.m */ = {isa = PBXFileReference; fileEncoding = 4; lastKnownFileType = sourcecode.c.objc; name = User.m; path = Model/User.m; sourceTree = "<group>"; };
		CEC187C218715E7C0045AFA4 /* Organization.h */ = {isa = PBXFileReference; fileEncoding = 4; lastKnownFileType = sourcecode.c.h; name = Organization.h; path = Model/Organization.h; sourceTree = "<group>"; };
		CEC187C318715E7C0045AFA4 /* Organization.m */ = {isa = PBXFileReference; fileEncoding = 4; lastKnownFileType = sourcecode.c.objc; name = Organization.m; path = Model/Organization.m; sourceTree = "<group>"; };
		CEC187C6187265450045AFA4 /* MKAnnotationView+WebCache.h */ = {isa = PBXFileReference; fileEncoding = 4; lastKnownFileType = sourcecode.c.h; name = "MKAnnotationView+WebCache.h"; path = "Util/SDWebImage/MKAnnotationView+WebCache.h"; sourceTree = "<group>"; };
		CEC187C7187265450045AFA4 /* MKAnnotationView+WebCache.m */ = {isa = PBXFileReference; fileEncoding = 4; lastKnownFileType = sourcecode.c.objc; name = "MKAnnotationView+WebCache.m"; path = "Util/SDWebImage/MKAnnotationView+WebCache.m"; sourceTree = "<group>"; };
		CEC187C8187265450045AFA4 /* NSData+GIF.h */ = {isa = PBXFileReference; fileEncoding = 4; lastKnownFileType = sourcecode.c.h; name = "NSData+GIF.h"; path = "Util/SDWebImage/NSData+GIF.h"; sourceTree = "<group>"; };
		CEC187C9187265450045AFA4 /* NSData+GIF.m */ = {isa = PBXFileReference; fileEncoding = 4; lastKnownFileType = sourcecode.c.objc; name = "NSData+GIF.m"; path = "Util/SDWebImage/NSData+GIF.m"; sourceTree = "<group>"; };
		CEC187CA187265450045AFA4 /* SDImageCache.h */ = {isa = PBXFileReference; fileEncoding = 4; lastKnownFileType = sourcecode.c.h; name = SDImageCache.h; path = Util/SDWebImage/SDImageCache.h; sourceTree = "<group>"; };
		CEC187CB187265450045AFA4 /* SDImageCache.m */ = {isa = PBXFileReference; fileEncoding = 4; lastKnownFileType = sourcecode.c.objc; name = SDImageCache.m; path = Util/SDWebImage/SDImageCache.m; sourceTree = "<group>"; };
		CEC187CC187265450045AFA4 /* SDWebImageCompat.h */ = {isa = PBXFileReference; fileEncoding = 4; lastKnownFileType = sourcecode.c.h; name = SDWebImageCompat.h; path = Util/SDWebImage/SDWebImageCompat.h; sourceTree = "<group>"; };
		CEC187CD187265450045AFA4 /* SDWebImageCompat.m */ = {isa = PBXFileReference; fileEncoding = 4; lastKnownFileType = sourcecode.c.objc; name = SDWebImageCompat.m; path = Util/SDWebImage/SDWebImageCompat.m; sourceTree = "<group>"; };
		CEC187CE187265450045AFA4 /* SDWebImageDecoder.h */ = {isa = PBXFileReference; fileEncoding = 4; lastKnownFileType = sourcecode.c.h; name = SDWebImageDecoder.h; path = Util/SDWebImage/SDWebImageDecoder.h; sourceTree = "<group>"; };
		CEC187CF187265450045AFA4 /* SDWebImageDecoder.m */ = {isa = PBXFileReference; fileEncoding = 4; lastKnownFileType = sourcecode.c.objc; name = SDWebImageDecoder.m; path = Util/SDWebImage/SDWebImageDecoder.m; sourceTree = "<group>"; };
		CEC187D0187265450045AFA4 /* SDWebImageDownloader.h */ = {isa = PBXFileReference; fileEncoding = 4; lastKnownFileType = sourcecode.c.h; name = SDWebImageDownloader.h; path = Util/SDWebImage/SDWebImageDownloader.h; sourceTree = "<group>"; };
		CEC187D1187265450045AFA4 /* SDWebImageDownloader.m */ = {isa = PBXFileReference; fileEncoding = 4; lastKnownFileType = sourcecode.c.objc; name = SDWebImageDownloader.m; path = Util/SDWebImage/SDWebImageDownloader.m; sourceTree = "<group>"; };
		CEC187D2187265450045AFA4 /* SDWebImageDownloaderOperation.h */ = {isa = PBXFileReference; fileEncoding = 4; lastKnownFileType = sourcecode.c.h; name = SDWebImageDownloaderOperation.h; path = Util/SDWebImage/SDWebImageDownloaderOperation.h; sourceTree = "<group>"; };
		CEC187D3187265450045AFA4 /* SDWebImageDownloaderOperation.m */ = {isa = PBXFileReference; fileEncoding = 4; lastKnownFileType = sourcecode.c.objc; name = SDWebImageDownloaderOperation.m; path = Util/SDWebImage/SDWebImageDownloaderOperation.m; sourceTree = "<group>"; };
		CEC187D4187265450045AFA4 /* SDWebImageManager.h */ = {isa = PBXFileReference; fileEncoding = 4; lastKnownFileType = sourcecode.c.h; name = SDWebImageManager.h; path = Util/SDWebImage/SDWebImageManager.h; sourceTree = "<group>"; };
		CEC187D5187265450045AFA4 /* SDWebImageManager.m */ = {isa = PBXFileReference; fileEncoding = 4; lastKnownFileType = sourcecode.c.objc; name = SDWebImageManager.m; path = Util/SDWebImage/SDWebImageManager.m; sourceTree = "<group>"; };
		CEC187D6187265450045AFA4 /* SDWebImageOperation.h */ = {isa = PBXFileReference; fileEncoding = 4; lastKnownFileType = sourcecode.c.h; name = SDWebImageOperation.h; path = Util/SDWebImage/SDWebImageOperation.h; sourceTree = "<group>"; };
		CEC187D7187265450045AFA4 /* SDWebImagePrefetcher.h */ = {isa = PBXFileReference; fileEncoding = 4; lastKnownFileType = sourcecode.c.h; name = SDWebImagePrefetcher.h; path = Util/SDWebImage/SDWebImagePrefetcher.h; sourceTree = "<group>"; };
		CEC187D8187265450045AFA4 /* SDWebImagePrefetcher.m */ = {isa = PBXFileReference; fileEncoding = 4; lastKnownFileType = sourcecode.c.objc; name = SDWebImagePrefetcher.m; path = Util/SDWebImage/SDWebImagePrefetcher.m; sourceTree = "<group>"; };
		CEC187D9187265450045AFA4 /* UIButton+WebCache.h */ = {isa = PBXFileReference; fileEncoding = 4; lastKnownFileType = sourcecode.c.h; name = "UIButton+WebCache.h"; path = "Util/SDWebImage/UIButton+WebCache.h"; sourceTree = "<group>"; };
		CEC187DA187265450045AFA4 /* UIButton+WebCache.m */ = {isa = PBXFileReference; fileEncoding = 4; lastKnownFileType = sourcecode.c.objc; name = "UIButton+WebCache.m"; path = "Util/SDWebImage/UIButton+WebCache.m"; sourceTree = "<group>"; };
		CEC187DB187265450045AFA4 /* UIImage+GIF.h */ = {isa = PBXFileReference; fileEncoding = 4; lastKnownFileType = sourcecode.c.h; name = "UIImage+GIF.h"; path = "Util/SDWebImage/UIImage+GIF.h"; sourceTree = "<group>"; };
		CEC187DC187265450045AFA4 /* UIImage+GIF.m */ = {isa = PBXFileReference; fileEncoding = 4; lastKnownFileType = sourcecode.c.objc; name = "UIImage+GIF.m"; path = "Util/SDWebImage/UIImage+GIF.m"; sourceTree = "<group>"; };
		CEC187DD187265450045AFA4 /* UIImage+MultiFormat.h */ = {isa = PBXFileReference; fileEncoding = 4; lastKnownFileType = sourcecode.c.h; name = "UIImage+MultiFormat.h"; path = "Util/SDWebImage/UIImage+MultiFormat.h"; sourceTree = "<group>"; };
		CEC187DE187265450045AFA4 /* UIImage+MultiFormat.m */ = {isa = PBXFileReference; fileEncoding = 4; lastKnownFileType = sourcecode.c.objc; name = "UIImage+MultiFormat.m"; path = "Util/SDWebImage/UIImage+MultiFormat.m"; sourceTree = "<group>"; };
		CEC187DF187265450045AFA4 /* UIImage+WebP.h */ = {isa = PBXFileReference; fileEncoding = 4; lastKnownFileType = sourcecode.c.h; name = "UIImage+WebP.h"; path = "Util/SDWebImage/UIImage+WebP.h"; sourceTree = "<group>"; };
		CEC187E0187265450045AFA4 /* UIImage+WebP.m */ = {isa = PBXFileReference; fileEncoding = 4; lastKnownFileType = sourcecode.c.objc; name = "UIImage+WebP.m"; path = "Util/SDWebImage/UIImage+WebP.m"; sourceTree = "<group>"; };
		CEC187E1187265450045AFA4 /* UIImageView+WebCache.h */ = {isa = PBXFileReference; fileEncoding = 4; lastKnownFileType = sourcecode.c.h; name = "UIImageView+WebCache.h"; path = "Util/SDWebImage/UIImageView+WebCache.h"; sourceTree = "<group>"; };
		CEC187E2187265450045AFA4 /* UIImageView+WebCache.m */ = {isa = PBXFileReference; fileEncoding = 4; lastKnownFileType = sourcecode.c.objc; name = "UIImageView+WebCache.m"; path = "Util/SDWebImage/UIImageView+WebCache.m"; sourceTree = "<group>"; };
		CEC187F1187267040045AFA4 /* CoreImage.framework */ = {isa = PBXFileReference; lastKnownFileType = wrapper.framework; name = CoreImage.framework; path = System/Library/Frameworks/CoreImage.framework; sourceTree = SDKROOT; };
		CEC187F31872672D0045AFA4 /* ImageIO.framework */ = {isa = PBXFileReference; lastKnownFileType = wrapper.framework; name = ImageIO.framework; path = System/Library/Frameworks/ImageIO.framework; sourceTree = SDKROOT; };
		CEC187F5187267470045AFA4 /* MapKit.framework */ = {isa = PBXFileReference; lastKnownFileType = wrapper.framework; name = MapKit.framework; path = System/Library/Frameworks/MapKit.framework; sourceTree = SDKROOT; };
		CEC187F71872A7AA0045AFA4 /* FakeDataFactory.h */ = {isa = PBXFileReference; fileEncoding = 4; lastKnownFileType = sourcecode.c.h; name = FakeDataFactory.h; path = Util/CustomUtil/FakeDataFactory.h; sourceTree = "<group>"; };
		CEC187F81872A7AA0045AFA4 /* FakeDataFactory.m */ = {isa = PBXFileReference; fileEncoding = 4; lastKnownFileType = sourcecode.c.objc; name = FakeDataFactory.m; path = Util/CustomUtil/FakeDataFactory.m; sourceTree = "<group>"; };
		CED6B33F18769FB6004679F7 /* ImageInfo.h */ = {isa = PBXFileReference; fileEncoding = 4; lastKnownFileType = sourcecode.c.h; name = ImageInfo.h; path = Model/ImageInfo.h; sourceTree = "<group>"; };
		CED6B34018769FB6004679F7 /* ImageInfo.m */ = {isa = PBXFileReference; fileEncoding = 4; lastKnownFileType = sourcecode.c.objc; name = ImageInfo.m; path = Model/ImageInfo.m; sourceTree = "<group>"; };
		CEF524CD18877A7F0063E830 /* QBAssetCollectionViewController.h */ = {isa = PBXFileReference; fileEncoding = 4; lastKnownFileType = sourcecode.c.h; name = QBAssetCollectionViewController.h; path = Util/ViewController/QBImagePickerViewController/QBAssetCollectionViewController.h; sourceTree = "<group>"; };
		CEF524CE18877A7F0063E830 /* QBAssetCollectionViewController.m */ = {isa = PBXFileReference; fileEncoding = 4; lastKnownFileType = sourcecode.c.objc; name = QBAssetCollectionViewController.m; path = Util/ViewController/QBImagePickerViewController/QBAssetCollectionViewController.m; sourceTree = "<group>"; };
		CEF524CF18877A7F0063E830 /* QBAssetCollectionViewControllerDelegate.h */ = {isa = PBXFileReference; fileEncoding = 4; lastKnownFileType = sourcecode.c.h; name = QBAssetCollectionViewControllerDelegate.h; path = Util/ViewController/QBImagePickerViewController/QBAssetCollectionViewControllerDelegate.h; sourceTree = "<group>"; };
		CEF524D018877A7F0063E830 /* QBImagePickerAssetCell.h */ = {isa = PBXFileReference; fileEncoding = 4; lastKnownFileType = sourcecode.c.h; name = QBImagePickerAssetCell.h; path = Util/ViewController/QBImagePickerViewController/QBImagePickerAssetCell.h; sourceTree = "<group>"; };
		CEF524D118877A7F0063E830 /* QBImagePickerAssetCell.m */ = {isa = PBXFileReference; fileEncoding = 4; lastKnownFileType = sourcecode.c.objc; name = QBImagePickerAssetCell.m; path = Util/ViewController/QBImagePickerViewController/QBImagePickerAssetCell.m; sourceTree = "<group>"; };
		CEF524D218877A7F0063E830 /* QBImagePickerAssetCellDelegate.h */ = {isa = PBXFileReference; fileEncoding = 4; lastKnownFileType = sourcecode.c.h; name = QBImagePickerAssetCellDelegate.h; path = Util/ViewController/QBImagePickerViewController/QBImagePickerAssetCellDelegate.h; sourceTree = "<group>"; };
		CEF524D318877A7F0063E830 /* QBImagePickerAssetView.h */ = {isa = PBXFileReference; fileEncoding = 4; lastKnownFileType = sourcecode.c.h; name = QBImagePickerAssetView.h; path = Util/ViewController/QBImagePickerViewController/QBImagePickerAssetView.h; sourceTree = "<group>"; };
		CEF524D418877A7F0063E830 /* QBImagePickerAssetView.m */ = {isa = PBXFileReference; fileEncoding = 4; lastKnownFileType = sourcecode.c.objc; name = QBImagePickerAssetView.m; path = Util/ViewController/QBImagePickerViewController/QBImagePickerAssetView.m; sourceTree = "<group>"; };
		CEF524D518877A7F0063E830 /* QBImagePickerAssetViewDelegate.h */ = {isa = PBXFileReference; fileEncoding = 4; lastKnownFileType = sourcecode.c.h; name = QBImagePickerAssetViewDelegate.h; path = Util/ViewController/QBImagePickerViewController/QBImagePickerAssetViewDelegate.h; sourceTree = "<group>"; };
		CEF524D618877A7F0063E830 /* QBImagePickerController.bundle */ = {isa = PBXFileReference; lastKnownFileType = "wrapper.plug-in"; name = QBImagePickerController.bundle; path = Util/ViewController/QBImagePickerViewController/QBImagePickerController.bundle; sourceTree = "<group>"; };
		CEF524D718877A7F0063E830 /* QBImagePickerController.h */ = {isa = PBXFileReference; fileEncoding = 4; lastKnownFileType = sourcecode.c.h; name = QBImagePickerController.h; path = Util/ViewController/QBImagePickerViewController/QBImagePickerController.h; sourceTree = "<group>"; };
		CEF524D818877A7F0063E830 /* QBImagePickerController.m */ = {isa = PBXFileReference; fileEncoding = 4; lastKnownFileType = sourcecode.c.objc; name = QBImagePickerController.m; path = Util/ViewController/QBImagePickerViewController/QBImagePickerController.m; sourceTree = "<group>"; };
		CEF524D918877A7F0063E830 /* QBImagePickerFooterView.h */ = {isa = PBXFileReference; fileEncoding = 4; lastKnownFileType = sourcecode.c.h; name = QBImagePickerFooterView.h; path = Util/ViewController/QBImagePickerViewController/QBImagePickerFooterView.h; sourceTree = "<group>"; };
		CEF524DA18877A7F0063E830 /* QBImagePickerFooterView.m */ = {isa = PBXFileReference; fileEncoding = 4; lastKnownFileType = sourcecode.c.objc; name = QBImagePickerFooterView.m; path = Util/ViewController/QBImagePickerViewController/QBImagePickerFooterView.m; sourceTree = "<group>"; };
		CEF524DB18877A7F0063E830 /* QBImagePickerGroupCell.h */ = {isa = PBXFileReference; fileEncoding = 4; lastKnownFileType = sourcecode.c.h; name = QBImagePickerGroupCell.h; path = Util/ViewController/QBImagePickerViewController/QBImagePickerGroupCell.h; sourceTree = "<group>"; };
		CEF524DC18877A7F0063E830 /* QBImagePickerGroupCell.m */ = {isa = PBXFileReference; fileEncoding = 4; lastKnownFileType = sourcecode.c.objc; name = QBImagePickerGroupCell.m; path = Util/ViewController/QBImagePickerViewController/QBImagePickerGroupCell.m; sourceTree = "<group>"; };
		CEF524DD18877A7F0063E830 /* QBImagePickerVideoInfoView.h */ = {isa = PBXFileReference; fileEncoding = 4; lastKnownFileType = sourcecode.c.h; name = QBImagePickerVideoInfoView.h; path = Util/ViewController/QBImagePickerViewController/QBImagePickerVideoInfoView.h; sourceTree = "<group>"; };
		CEF524DE18877A7F0063E830 /* QBImagePickerVideoInfoView.m */ = {isa = PBXFileReference; fileEncoding = 4; lastKnownFileType = sourcecode.c.objc; name = QBImagePickerVideoInfoView.m; path = Util/ViewController/QBImagePickerViewController/QBImagePickerVideoInfoView.m; sourceTree = "<group>"; };
		CEF524E718877B180063E830 /* AssetsLibrary.framework */ = {isa = PBXFileReference; lastKnownFileType = wrapper.framework; name = AssetsLibrary.framework; path = System/Library/Frameworks/AssetsLibrary.framework; sourceTree = SDKROOT; };
		CEF5D543186447A1005E4859 /* HeartTrace.app */ = {isa = PBXFileReference; explicitFileType = wrapper.application; includeInIndex = 0; path = HeartTrace.app; sourceTree = BUILT_PRODUCTS_DIR; };
		CEF5D546186447A1005E4859 /* UIKit.framework */ = {isa = PBXFileReference; lastKnownFileType = wrapper.framework; name = UIKit.framework; path = System/Library/Frameworks/UIKit.framework; sourceTree = SDKROOT; };
		CEF5D548186447A1005E4859 /* Foundation.framework */ = {isa = PBXFileReference; lastKnownFileType = wrapper.framework; name = Foundation.framework; path = System/Library/Frameworks/Foundation.framework; sourceTree = SDKROOT; };
		CEF5D54A186447A1005E4859 /* CoreGraphics.framework */ = {isa = PBXFileReference; lastKnownFileType = wrapper.framework; name = CoreGraphics.framework; path = System/Library/Frameworks/CoreGraphics.framework; sourceTree = SDKROOT; };
		CEF5D54E186447A1005E4859 /* HeartTrace-Info.plist */ = {isa = PBXFileReference; lastKnownFileType = text.plist.xml; path = "HeartTrace-Info.plist"; sourceTree = "<group>"; };
		CEF5D550186447A1005E4859 /* en */ = {isa = PBXFileReference; lastKnownFileType = text.plist.strings; name = en; path = en.lproj/InfoPlist.strings; sourceTree = "<group>"; };
		CEF5D552186447A1005E4859 /* main.m */ = {isa = PBXFileReference; lastKnownFileType = sourcecode.c.objc; path = main.m; sourceTree = "<group>"; };
		CEF5D554186447A1005E4859 /* HeartTrace-Prefix.pch */ = {isa = PBXFileReference; lastKnownFileType = sourcecode.c.h; path = "HeartTrace-Prefix.pch"; sourceTree = "<group>"; };
		CEF5D555186447A1005E4859 /* AppDelegate.h */ = {isa = PBXFileReference; lastKnownFileType = sourcecode.c.h; path = AppDelegate.h; sourceTree = "<group>"; };
		CEF5D556186447A1005E4859 /* AppDelegate.m */ = {isa = PBXFileReference; lastKnownFileType = sourcecode.c.objc; path = AppDelegate.m; sourceTree = "<group>"; };
		CEF5D558186447A1005E4859 /* Default.png */ = {isa = PBXFileReference; lastKnownFileType = image.png; path = Default.png; sourceTree = "<group>"; };
		CEF5D55A186447A1005E4859 /* Default@2x.png */ = {isa = PBXFileReference; lastKnownFileType = image.png; path = "Default@2x.png"; sourceTree = "<group>"; };
		CEF5D55C186447A1005E4859 /* Default-568h@2x.png */ = {isa = PBXFileReference; lastKnownFileType = image.png; path = "Default-568h@2x.png"; sourceTree = "<group>"; };
		CEF5D563186447A1005E4859 /* HeartTraceTests.octest */ = {isa = PBXFileReference; explicitFileType = wrapper.cfbundle; includeInIndex = 0; path = HeartTraceTests.octest; sourceTree = BUILT_PRODUCTS_DIR; };
		CEF5D564186447A1005E4859 /* SenTestingKit.framework */ = {isa = PBXFileReference; lastKnownFileType = wrapper.framework; name = SenTestingKit.framework; path = Library/Frameworks/SenTestingKit.framework; sourceTree = DEVELOPER_DIR; };
		CEF5D56C186447A1005E4859 /* HeartTraceTests-Info.plist */ = {isa = PBXFileReference; lastKnownFileType = text.plist.xml; path = "HeartTraceTests-Info.plist"; sourceTree = "<group>"; };
		CEF5D56E186447A1005E4859 /* en */ = {isa = PBXFileReference; lastKnownFileType = text.plist.strings; name = en; path = en.lproj/InfoPlist.strings; sourceTree = "<group>"; };
		CEF5D570186447A1005E4859 /* HeartTraceTests.h */ = {isa = PBXFileReference; lastKnownFileType = sourcecode.c.h; path = HeartTraceTests.h; sourceTree = "<group>"; };
		CEF5D571186447A1005E4859 /* HeartTraceTests.m */ = {isa = PBXFileReference; lastKnownFileType = sourcecode.c.objc; path = HeartTraceTests.m; sourceTree = "<group>"; };
		CEF5D5D01864482E005E4859 /* ASIAuthenticationDialog.h */ = {isa = PBXFileReference; fileEncoding = 4; lastKnownFileType = sourcecode.c.h; path = ASIAuthenticationDialog.h; sourceTree = "<group>"; };
		CEF5D5D11864482E005E4859 /* ASIAuthenticationDialog.m */ = {isa = PBXFileReference; fileEncoding = 4; lastKnownFileType = sourcecode.c.objc; path = ASIAuthenticationDialog.m; sourceTree = "<group>"; };
		CEF5D5D21864482E005E4859 /* ASICacheDelegate.h */ = {isa = PBXFileReference; fileEncoding = 4; lastKnownFileType = sourcecode.c.h; path = ASICacheDelegate.h; sourceTree = "<group>"; };
		CEF5D5D31864482E005E4859 /* ASIDataCompressor.h */ = {isa = PBXFileReference; fileEncoding = 4; lastKnownFileType = sourcecode.c.h; path = ASIDataCompressor.h; sourceTree = "<group>"; };
		CEF5D5D41864482E005E4859 /* ASIDataCompressor.m */ = {isa = PBXFileReference; fileEncoding = 4; lastKnownFileType = sourcecode.c.objc; path = ASIDataCompressor.m; sourceTree = "<group>"; };
		CEF5D5D51864482E005E4859 /* ASIDataDecompressor.h */ = {isa = PBXFileReference; fileEncoding = 4; lastKnownFileType = sourcecode.c.h; path = ASIDataDecompressor.h; sourceTree = "<group>"; };
		CEF5D5D61864482E005E4859 /* ASIDataDecompressor.m */ = {isa = PBXFileReference; fileEncoding = 4; lastKnownFileType = sourcecode.c.objc; path = ASIDataDecompressor.m; sourceTree = "<group>"; };
		CEF5D5D71864482E005E4859 /* ASIDownloadCache.h */ = {isa = PBXFileReference; fileEncoding = 4; lastKnownFileType = sourcecode.c.h; path = ASIDownloadCache.h; sourceTree = "<group>"; };
		CEF5D5D81864482E005E4859 /* ASIDownloadCache.m */ = {isa = PBXFileReference; fileEncoding = 4; lastKnownFileType = sourcecode.c.objc; path = ASIDownloadCache.m; sourceTree = "<group>"; };
		CEF5D5D91864482E005E4859 /* ASIFormDataRequest.h */ = {isa = PBXFileReference; fileEncoding = 4; lastKnownFileType = sourcecode.c.h; path = ASIFormDataRequest.h; sourceTree = "<group>"; };
		CEF5D5DA1864482E005E4859 /* ASIFormDataRequest.m */ = {isa = PBXFileReference; fileEncoding = 4; lastKnownFileType = sourcecode.c.objc; path = ASIFormDataRequest.m; sourceTree = "<group>"; };
		CEF5D5DB1864482E005E4859 /* ASIHTTPRequest.h */ = {isa = PBXFileReference; fileEncoding = 4; lastKnownFileType = sourcecode.c.h; path = ASIHTTPRequest.h; sourceTree = "<group>"; };
		CEF5D5DC1864482E005E4859 /* ASIHTTPRequest.m */ = {isa = PBXFileReference; fileEncoding = 4; lastKnownFileType = sourcecode.c.objc; path = ASIHTTPRequest.m; sourceTree = "<group>"; };
		CEF5D5DD1864482E005E4859 /* ASIHTTPRequestConfig.h */ = {isa = PBXFileReference; fileEncoding = 4; lastKnownFileType = sourcecode.c.h; path = ASIHTTPRequestConfig.h; sourceTree = "<group>"; };
		CEF5D5DE1864482E005E4859 /* ASIHTTPRequestDelegate.h */ = {isa = PBXFileReference; fileEncoding = 4; lastKnownFileType = sourcecode.c.h; path = ASIHTTPRequestDelegate.h; sourceTree = "<group>"; };
		CEF5D5DF1864482E005E4859 /* ASIInputStream.h */ = {isa = PBXFileReference; fileEncoding = 4; lastKnownFileType = sourcecode.c.h; path = ASIInputStream.h; sourceTree = "<group>"; };
		CEF5D5E01864482E005E4859 /* ASIInputStream.m */ = {isa = PBXFileReference; fileEncoding = 4; lastKnownFileType = sourcecode.c.objc; path = ASIInputStream.m; sourceTree = "<group>"; };
		CEF5D5E11864482E005E4859 /* ASINetworkQueue.h */ = {isa = PBXFileReference; fileEncoding = 4; lastKnownFileType = sourcecode.c.h; path = ASINetworkQueue.h; sourceTree = "<group>"; };
		CEF5D5E21864482E005E4859 /* ASINetworkQueue.m */ = {isa = PBXFileReference; fileEncoding = 4; lastKnownFileType = sourcecode.c.objc; path = ASINetworkQueue.m; sourceTree = "<group>"; };
		CEF5D5E31864482E005E4859 /* ASIProgressDelegate.h */ = {isa = PBXFileReference; fileEncoding = 4; lastKnownFileType = sourcecode.c.h; path = ASIProgressDelegate.h; sourceTree = "<group>"; };
		CEF5D5E51864482E005E4859 /* ASIWebPageRequest.h */ = {isa = PBXFileReference; fileEncoding = 4; lastKnownFileType = sourcecode.c.h; path = ASIWebPageRequest.h; sourceTree = "<group>"; };
		CEF5D5E61864482E005E4859 /* ASIWebPageRequest.m */ = {isa = PBXFileReference; fileEncoding = 4; lastKnownFileType = sourcecode.c.objc; path = ASIWebPageRequest.m; sourceTree = "<group>"; };
		CEF5D5E81864482E005E4859 /* ASICloudFilesCDNRequest.h */ = {isa = PBXFileReference; fileEncoding = 4; lastKnownFileType = sourcecode.c.h; path = ASICloudFilesCDNRequest.h; sourceTree = "<group>"; };
		CEF5D5E91864482E005E4859 /* ASICloudFilesCDNRequest.m */ = {isa = PBXFileReference; fileEncoding = 4; lastKnownFileType = sourcecode.c.objc; path = ASICloudFilesCDNRequest.m; sourceTree = "<group>"; };
		CEF5D5EA1864482E005E4859 /* ASICloudFilesContainer.h */ = {isa = PBXFileReference; fileEncoding = 4; lastKnownFileType = sourcecode.c.h; path = ASICloudFilesContainer.h; sourceTree = "<group>"; };
		CEF5D5EB1864482E005E4859 /* ASICloudFilesContainer.m */ = {isa = PBXFileReference; fileEncoding = 4; lastKnownFileType = sourcecode.c.objc; path = ASICloudFilesContainer.m; sourceTree = "<group>"; };
		CEF5D5EC1864482E005E4859 /* ASICloudFilesContainerRequest.h */ = {isa = PBXFileReference; fileEncoding = 4; lastKnownFileType = sourcecode.c.h; path = ASICloudFilesContainerRequest.h; sourceTree = "<group>"; };
		CEF5D5ED1864482E005E4859 /* ASICloudFilesContainerRequest.m */ = {isa = PBXFileReference; fileEncoding = 4; lastKnownFileType = sourcecode.c.objc; path = ASICloudFilesContainerRequest.m; sourceTree = "<group>"; };
		CEF5D5EE1864482E005E4859 /* ASICloudFilesContainerXMLParserDelegate.h */ = {isa = PBXFileReference; fileEncoding = 4; lastKnownFileType = sourcecode.c.h; path = ASICloudFilesContainerXMLParserDelegate.h; sourceTree = "<group>"; };
		CEF5D5EF1864482E005E4859 /* ASICloudFilesContainerXMLParserDelegate.m */ = {isa = PBXFileReference; fileEncoding = 4; lastKnownFileType = sourcecode.c.objc; path = ASICloudFilesContainerXMLParserDelegate.m; sourceTree = "<group>"; };
		CEF5D5F01864482E005E4859 /* ASICloudFilesObject.h */ = {isa = PBXFileReference; fileEncoding = 4; lastKnownFileType = sourcecode.c.h; path = ASICloudFilesObject.h; sourceTree = "<group>"; };
		CEF5D5F11864482E005E4859 /* ASICloudFilesObject.m */ = {isa = PBXFileReference; fileEncoding = 4; lastKnownFileType = sourcecode.c.objc; path = ASICloudFilesObject.m; sourceTree = "<group>"; };
		CEF5D5F21864482E005E4859 /* ASICloudFilesObjectRequest.h */ = {isa = PBXFileReference; fileEncoding = 4; lastKnownFileType = sourcecode.c.h; path = ASICloudFilesObjectRequest.h; sourceTree = "<group>"; };
		CEF5D5F31864482E005E4859 /* ASICloudFilesObjectRequest.m */ = {isa = PBXFileReference; fileEncoding = 4; lastKnownFileType = sourcecode.c.objc; path = ASICloudFilesObjectRequest.m; sourceTree = "<group>"; };
		CEF5D5F41864482E005E4859 /* ASICloudFilesRequest.h */ = {isa = PBXFileReference; fileEncoding = 4; lastKnownFileType = sourcecode.c.h; path = ASICloudFilesRequest.h; sourceTree = "<group>"; };
		CEF5D5F51864482E005E4859 /* ASICloudFilesRequest.m */ = {isa = PBXFileReference; fileEncoding = 4; lastKnownFileType = sourcecode.c.objc; path = ASICloudFilesRequest.m; sourceTree = "<group>"; };
		CEF5D5F71864482E005E4859 /* ASINSXMLParserCompat.h */ = {isa = PBXFileReference; fileEncoding = 4; lastKnownFileType = sourcecode.c.h; path = ASINSXMLParserCompat.h; sourceTree = "<group>"; };
		CEF5D5F81864482E005E4859 /* ASIS3Bucket.h */ = {isa = PBXFileReference; fileEncoding = 4; lastKnownFileType = sourcecode.c.h; path = ASIS3Bucket.h; sourceTree = "<group>"; };
		CEF5D5F91864482E005E4859 /* ASIS3Bucket.m */ = {isa = PBXFileReference; fileEncoding = 4; lastKnownFileType = sourcecode.c.objc; path = ASIS3Bucket.m; sourceTree = "<group>"; };
		CEF5D5FA1864482E005E4859 /* ASIS3BucketObject.h */ = {isa = PBXFileReference; fileEncoding = 4; lastKnownFileType = sourcecode.c.h; path = ASIS3BucketObject.h; sourceTree = "<group>"; };
		CEF5D5FB1864482E005E4859 /* ASIS3BucketObject.m */ = {isa = PBXFileReference; fileEncoding = 4; lastKnownFileType = sourcecode.c.objc; path = ASIS3BucketObject.m; sourceTree = "<group>"; };
		CEF5D5FC1864482E005E4859 /* ASIS3BucketRequest.h */ = {isa = PBXFileReference; fileEncoding = 4; lastKnownFileType = sourcecode.c.h; path = ASIS3BucketRequest.h; sourceTree = "<group>"; };
		CEF5D5FD1864482E005E4859 /* ASIS3BucketRequest.m */ = {isa = PBXFileReference; fileEncoding = 4; lastKnownFileType = sourcecode.c.objc; path = ASIS3BucketRequest.m; sourceTree = "<group>"; };
		CEF5D5FE1864482E005E4859 /* ASIS3ObjectRequest.h */ = {isa = PBXFileReference; fileEncoding = 4; lastKnownFileType = sourcecode.c.h; path = ASIS3ObjectRequest.h; sourceTree = "<group>"; };
		CEF5D5FF1864482E005E4859 /* ASIS3ObjectRequest.m */ = {isa = PBXFileReference; fileEncoding = 4; lastKnownFileType = sourcecode.c.objc; path = ASIS3ObjectRequest.m; sourceTree = "<group>"; };
		CEF5D6001864482E005E4859 /* ASIS3Request.h */ = {isa = PBXFileReference; fileEncoding = 4; lastKnownFileType = sourcecode.c.h; path = ASIS3Request.h; sourceTree = "<group>"; };
		CEF5D6011864482E005E4859 /* ASIS3Request.m */ = {isa = PBXFileReference; fileEncoding = 4; lastKnownFileType = sourcecode.c.objc; path = ASIS3Request.m; sourceTree = "<group>"; };
		CEF5D6021864482E005E4859 /* ASIS3ServiceRequest.h */ = {isa = PBXFileReference; fileEncoding = 4; lastKnownFileType = sourcecode.c.h; path = ASIS3ServiceRequest.h; sourceTree = "<group>"; };
		CEF5D6031864482E005E4859 /* ASIS3ServiceRequest.m */ = {isa = PBXFileReference; fileEncoding = 4; lastKnownFileType = sourcecode.c.objc; path = ASIS3ServiceRequest.m; sourceTree = "<group>"; };
		CEF5D6061864482E005E4859 /* Reachability.h */ = {isa = PBXFileReference; fileEncoding = 4; lastKnownFileType = sourcecode.c.h; path = Reachability.h; sourceTree = "<group>"; };
		CEF5D6071864482E005E4859 /* Reachability.m */ = {isa = PBXFileReference; fileEncoding = 4; lastKnownFileType = sourcecode.c.objc; path = Reachability.m; sourceTree = "<group>"; };
/* End PBXFileReference section */

/* Begin PBXFrameworksBuildPhase section */
		CEF5D540186447A1005E4859 /* Frameworks */ = {
			isa = PBXFrameworksBuildPhase;
			buildActionMask = 2147483647;
			files = (
				CEF524E818877B180063E830 /* AssetsLibrary.framework in Frameworks */,
				CE042238187D3B2200450137 /* QuartzCore.framework in Frameworks */,
				CEC187F6187267470045AFA4 /* MapKit.framework in Frameworks */,
				CEC187F41872672E0045AFA4 /* ImageIO.framework in Frameworks */,
				CEC187F2187267040045AFA4 /* CoreImage.framework in Frameworks */,
				CEA1BC691864492A00C659DA /* libz.dylib in Frameworks */,
				CEA1BC671864492200C659DA /* CFNetwork.framework in Frameworks */,
				CEA1BC651864491D00C659DA /* SystemConfiguration.framework in Frameworks */,
				CEA1BC631864491600C659DA /* MobileCoreServices.framework in Frameworks */,
				CEA1BC611864490E00C659DA /* libxml2.dylib in Frameworks */,
				CEF5D547186447A1005E4859 /* UIKit.framework in Frameworks */,
				CEF5D549186447A1005E4859 /* Foundation.framework in Frameworks */,
				CEF5D54B186447A1005E4859 /* CoreGraphics.framework in Frameworks */,
			);
			runOnlyForDeploymentPostprocessing = 0;
		};
		CEF5D55F186447A1005E4859 /* Frameworks */ = {
			isa = PBXFrameworksBuildPhase;
			buildActionMask = 2147483647;
			files = (
				CEF5D565186447A1005E4859 /* SenTestingKit.framework in Frameworks */,
				CEF5D566186447A1005E4859 /* UIKit.framework in Frameworks */,
				CEF5D567186447A1005E4859 /* Foundation.framework in Frameworks */,
			);
			runOnlyForDeploymentPostprocessing = 0;
		};
/* End PBXFrameworksBuildPhase section */

/* Begin PBXGroup section */
		CE042221187D2EE100450137 /* CustomView */ = {
			isa = PBXGroup;
			children = (
				CE042227187D2F2700450137 /* HMSegmentedControl.h */,
				CE042228187D2F2700450137 /* HMSegmentedControl.m */,
			);
			name = CustomView;
			sourceTree = "<group>";
		};
		CE12834A186D5B15000D9A2A /* Model */ = {
			isa = PBXGroup;
			children = (
				CE12834B186D5B47000D9A2A /* Wish.h */,
				CE12834C186D5B47000D9A2A /* Wish.m */,
				CE12834E186D5B65000D9A2A /* ElementsContainer.h */,
				CE12834F186D5B65000D9A2A /* ElementsContainer.m */,
				CE128351186D5BF5000D9A2A /* WishPageParser.h */,
				CE128352186D5BF5000D9A2A /* WishPageParser.m */,
				CEC187BC187156E20045AFA4 /* Product.h */,
				CEC187BD187156E20045AFA4 /* Product.m */,
				CEC187BF1871570F0045AFA4 /* User.h */,
				CEC187C01871570F0045AFA4 /* User.m */,
				CEC187C218715E7C0045AFA4 /* Organization.h */,
				CEC187C318715E7C0045AFA4 /* Organization.m */,
				CED6B33F18769FB6004679F7 /* ImageInfo.h */,
				CED6B34018769FB6004679F7 /* ImageInfo.m */,
			);
			name = Model;
			sourceTree = "<group>";
		};
		CE128354186D6EFD000D9A2A /* View */ = {
			isa = PBXGroup;
			children = (
				CE042221187D2EE100450137 /* CustomView */,
				CE128355186D6F37000D9A2A /* Cell */,
			);
			name = View;
			sourceTree = "<group>";
		};
		CE128355186D6F37000D9A2A /* Cell */ = {
			isa = PBXGroup;
			children = (
				CE128356186D6F77000D9A2A /* WishTableViewCell.h */,
				CE128357186D6F77000D9A2A /* WishTableViewCell.m */,
				CE6EAEA218867A4400ACE7A5 /* ImageCollectionViewCell.xib */,
			);
			name = Cell;
			sourceTree = "<group>";
		};
		CE6E2413187BE15B001672E6 /* Image */ = {
			isa = PBXGroup;
			children = (
				CE6E2418187BE1EB001672E6 /* profile.jpeg */,
			);
			name = Image;
			sourceTree = "<group>";
		};
		CEA1BC6A18644B8C00C659DA /* Conifgure */ = {
			isa = PBXGroup;
			children = (
				CEA1BC6B18644BC100C659DA /* ConstConfigure.h */,
				CEA1BC6E186450DA00C659DA /* DefaultValueConfigure.h */,
				CE6E241A187BE337001672E6 /* ImageNameConst.h */,
			);
			name = Conifgure;
			sourceTree = "<group>";
		};
		CEA1BC71186461C700C659DA /* ViewController */ = {
			isa = PBXGroup;
			children = (
				CEB4637E18680EC900452BD2 /* IntroductionViewController.h */,
				CEB4637F18680EC900452BD2 /* IntroductionViewController.m */,
				CEB4638018680EC900452BD2 /* IntroductionViewController.xib */,
				CEB4638818681D8D00452BD2 /* BrowseViewController.h */,
				CEB4638918681D8D00452BD2 /* BrowseViewController.m */,
				CEB4638A18681D8D00452BD2 /* BrowseViewController.xib */,
				CEB4638D18681DEA00452BD2 /* AccoutViewController.h */,
				CEB4638E18681DEA00452BD2 /* AccoutViewController.m */,
				CEB463901868355C00452BD2 /* WishWallTableViewController.h */,
				CEB463911868355C00452BD2 /* WishWallTableViewController.m */,
				CEB463921868355C00452BD2 /* WishWallTableViewController.xib */,
				CE04222D187D310800450137 /* ProductDetailViewController.h */,
				CE04222E187D310800450137 /* ProductDetailViewController.m */,
				CE04222F187D310800450137 /* ProductDetailViewController.xib */,
				CE042232187D37E800450137 /* AddWishViewController.h */,
				CE042233187D37E800450137 /* AddWishViewController.m */,
				CE042234187D37E900450137 /* AddWishViewController.xib */,
			);
			name = ViewController;
			sourceTree = "<group>";
		};
		CEB46395186936A700452BD2 /* CustomUtil */ = {
			isa = PBXGroup;
			children = (
				CEB46396186936D300452BD2 /* RequestURLUtility.h */,
				CEB46397186936D300452BD2 /* RequestURLUtility.m */,
				CE128359186D74FF000D9A2A /* ViewUtility.h */,
				CE12835A186D74FF000D9A2A /* ViewUtility.m */,
				CEC187F71872A7AA0045AFA4 /* FakeDataFactory.h */,
				CEC187F81872A7AA0045AFA4 /* FakeDataFactory.m */,
			);
			name = CustomUtil;
			sourceTree = "<group>";
		};
		CEC1875B187150260045AFA4 /* Category */ = {
			isa = PBXGroup;
			children = (
				CEC187B9187150870045AFA4 /* UIImage+Resize.h */,
				CEC187BA187150870045AFA4 /* UIImage+Resize.m */,
			);
			name = Category;
			sourceTree = "<group>";
		};
		CEC187C51872652D0045AFA4 /* SDWebImage */ = {
			isa = PBXGroup;
			children = (
				CEC187C6187265450045AFA4 /* MKAnnotationView+WebCache.h */,
				CEC187C7187265450045AFA4 /* MKAnnotationView+WebCache.m */,
				CEC187C8187265450045AFA4 /* NSData+GIF.h */,
				CEC187C9187265450045AFA4 /* NSData+GIF.m */,
				CEC187CA187265450045AFA4 /* SDImageCache.h */,
				CEC187CB187265450045AFA4 /* SDImageCache.m */,
				CEC187CC187265450045AFA4 /* SDWebImageCompat.h */,
				CEC187CD187265450045AFA4 /* SDWebImageCompat.m */,
				CEC187CE187265450045AFA4 /* SDWebImageDecoder.h */,
				CEC187CF187265450045AFA4 /* SDWebImageDecoder.m */,
				CEC187D0187265450045AFA4 /* SDWebImageDownloader.h */,
				CEC187D1187265450045AFA4 /* SDWebImageDownloader.m */,
				CEC187D2187265450045AFA4 /* SDWebImageDownloaderOperation.h */,
				CEC187D3187265450045AFA4 /* SDWebImageDownloaderOperation.m */,
				CEC187D4187265450045AFA4 /* SDWebImageManager.h */,
				CEC187D5187265450045AFA4 /* SDWebImageManager.m */,
				CEC187D6187265450045AFA4 /* SDWebImageOperation.h */,
				CEC187D7187265450045AFA4 /* SDWebImagePrefetcher.h */,
				CEC187D8187265450045AFA4 /* SDWebImagePrefetcher.m */,
				CEC187D9187265450045AFA4 /* UIButton+WebCache.h */,
				CEC187DA187265450045AFA4 /* UIButton+WebCache.m */,
				CEC187DB187265450045AFA4 /* UIImage+GIF.h */,
				CEC187DC187265450045AFA4 /* UIImage+GIF.m */,
				CEC187DD187265450045AFA4 /* UIImage+MultiFormat.h */,
				CEC187DE187265450045AFA4 /* UIImage+MultiFormat.m */,
				CEC187DF187265450045AFA4 /* UIImage+WebP.h */,
				CEC187E0187265450045AFA4 /* UIImage+WebP.m */,
				CEC187E1187265450045AFA4 /* UIImageView+WebCache.h */,
				CEC187E2187265450045AFA4 /* UIImageView+WebCache.m */,
			);
			name = SDWebImage;
			sourceTree = "<group>";
		};
		CEF524B1188779FD0063E830 /* ViewController */ = {
			isa = PBXGroup;
			children = (
				CEF524B218877A0A0063E830 /* QBImagePickerViewController */,
			);
			name = ViewController;
			sourceTree = "<group>";
		};
		CEF524B218877A0A0063E830 /* QBImagePickerViewController */ = {
			isa = PBXGroup;
			children = (
				CEF524CD18877A7F0063E830 /* QBAssetCollectionViewController.h */,
				CEF524CE18877A7F0063E830 /* QBAssetCollectionViewController.m */,
				CEF524CF18877A7F0063E830 /* QBAssetCollectionViewControllerDelegate.h */,
				CEF524D018877A7F0063E830 /* QBImagePickerAssetCell.h */,
				CEF524D118877A7F0063E830 /* QBImagePickerAssetCell.m */,
				CEF524D218877A7F0063E830 /* QBImagePickerAssetCellDelegate.h */,
				CEF524D318877A7F0063E830 /* QBImagePickerAssetView.h */,
				CEF524D418877A7F0063E830 /* QBImagePickerAssetView.m */,
				CEF524D518877A7F0063E830 /* QBImagePickerAssetViewDelegate.h */,
				CEF524D618877A7F0063E830 /* QBImagePickerController.bundle */,
				CEF524D718877A7F0063E830 /* QBImagePickerController.h */,
				CEF524D818877A7F0063E830 /* QBImagePickerController.m */,
				CEF524D918877A7F0063E830 /* QBImagePickerFooterView.h */,
				CEF524DA18877A7F0063E830 /* QBImagePickerFooterView.m */,
				CEF524DB18877A7F0063E830 /* QBImagePickerGroupCell.h */,
				CEF524DC18877A7F0063E830 /* QBImagePickerGroupCell.m */,
				CEF524DD18877A7F0063E830 /* QBImagePickerVideoInfoView.h */,
				CEF524DE18877A7F0063E830 /* QBImagePickerVideoInfoView.m */,
			);
			name = QBImagePickerViewController;
			sourceTree = "<group>";
		};
		CEF5D53A186447A1005E4859 = {
			isa = PBXGroup;
			children = (
				CEF524E718877B180063E830 /* AssetsLibrary.framework */,
				CE042237187D3B2200450137 /* QuartzCore.framework */,
				CEC187F5187267470045AFA4 /* MapKit.framework */,
				CEC187F31872672D0045AFA4 /* ImageIO.framework */,
				CEC187F1187267040045AFA4 /* CoreImage.framework */,
				CE128354186D6EFD000D9A2A /* View */,
				CE12834A186D5B15000D9A2A /* Model */,
				CEA1BC71186461C700C659DA /* ViewController */,
				CEA1BC6A18644B8C00C659DA /* Conifgure */,
				CEF5D54C186447A1005E4859 /* HeartTrace */,
				CEF5D56A186447A1005E4859 /* HeartTraceTests */,
				CEF5D545186447A1005E4859 /* Frameworks */,
				CEF5D544186447A1005E4859 /* Products */,
				CEF5D57B18644805005E4859 /* Util */,
			);
			sourceTree = "<group>";
		};
		CEF5D544186447A1005E4859 /* Products */ = {
			isa = PBXGroup;
			children = (
				CEF5D543186447A1005E4859 /* HeartTrace.app */,
				CEF5D563186447A1005E4859 /* HeartTraceTests.octest */,
			);
			name = Products;
			sourceTree = "<group>";
		};
		CEF5D545186447A1005E4859 /* Frameworks */ = {
			isa = PBXGroup;
			children = (
				CEA1BC681864492A00C659DA /* libz.dylib */,
				CEA1BC601864490E00C659DA /* libxml2.dylib */,
				CEA1BC661864492200C659DA /* CFNetwork.framework */,
				CEA1BC641864491D00C659DA /* SystemConfiguration.framework */,
				CEA1BC621864491600C659DA /* MobileCoreServices.framework */,
				CEF5D546186447A1005E4859 /* UIKit.framework */,
				CEF5D548186447A1005E4859 /* Foundation.framework */,
				CEF5D54A186447A1005E4859 /* CoreGraphics.framework */,
				CEF5D564186447A1005E4859 /* SenTestingKit.framework */,
			);
			name = Frameworks;
			sourceTree = "<group>";
		};
		CEF5D54C186447A1005E4859 /* HeartTrace */ = {
			isa = PBXGroup;
			children = (
				CEF5D555186447A1005E4859 /* AppDelegate.h */,
				CEF5D556186447A1005E4859 /* AppDelegate.m */,
				CEF5D54D186447A1005E4859 /* Supporting Files */,
			);
			path = HeartTrace;
			sourceTree = "<group>";
		};
		CEF5D54D186447A1005E4859 /* Supporting Files */ = {
			isa = PBXGroup;
			children = (
				CE6E2413187BE15B001672E6 /* Image */,
				CEF5D54E186447A1005E4859 /* HeartTrace-Info.plist */,
				CEF5D54F186447A1005E4859 /* InfoPlist.strings */,
				CEF5D552186447A1005E4859 /* main.m */,
				CEF5D554186447A1005E4859 /* HeartTrace-Prefix.pch */,
				CEF5D558186447A1005E4859 /* Default.png */,
				CEF5D55A186447A1005E4859 /* Default@2x.png */,
				CEF5D55C186447A1005E4859 /* Default-568h@2x.png */,
				CEB463781867DE7B00452BD2 /* Localizable.strings */,
			);
			name = "Supporting Files";
			sourceTree = "<group>";
		};
		CEF5D56A186447A1005E4859 /* HeartTraceTests */ = {
			isa = PBXGroup;
			children = (
				CEF5D570186447A1005E4859 /* HeartTraceTests.h */,
				CEF5D571186447A1005E4859 /* HeartTraceTests.m */,
				CEF5D56B186447A1005E4859 /* Supporting Files */,
			);
			path = HeartTraceTests;
			sourceTree = "<group>";
		};
		CEF5D56B186447A1005E4859 /* Supporting Files */ = {
			isa = PBXGroup;
			children = (
				CEF5D56C186447A1005E4859 /* HeartTraceTests-Info.plist */,
				CEF5D56D186447A1005E4859 /* InfoPlist.strings */,
			);
			name = "Supporting Files";
			sourceTree = "<group>";
		};
		CEF5D57B18644805005E4859 /* Util */ = {
			isa = PBXGroup;
			children = (
				CEF524B1188779FD0063E830 /* ViewController */,
				CEC187C51872652D0045AFA4 /* SDWebImage */,
				CEC1875B187150260045AFA4 /* Category */,
				CEB46395186936A700452BD2 /* CustomUtil */,
				CEF5D5CE1864482E005E4859 /* AsiHttpRequest */,
			);
			name = Util;
			sourceTree = "<group>";
		};
		CEF5D5CE1864482E005E4859 /* AsiHttpRequest */ = {
			isa = PBXGroup;
			children = (
				CEF5D5CF1864482E005E4859 /* Classes */,
				CEF5D6041864482E005E4859 /* External */,
			);
			name = AsiHttpRequest;
			path = Util/AsiHttpRequest;
			sourceTree = "<group>";
		};
		CEF5D5CF1864482E005E4859 /* Classes */ = {
			isa = PBXGroup;
			children = (
				CEF5D5D01864482E005E4859 /* ASIAuthenticationDialog.h */,
				CEF5D5D11864482E005E4859 /* ASIAuthenticationDialog.m */,
				CEF5D5D21864482E005E4859 /* ASICacheDelegate.h */,
				CEF5D5D31864482E005E4859 /* ASIDataCompressor.h */,
				CEF5D5D41864482E005E4859 /* ASIDataCompressor.m */,
				CEF5D5D51864482E005E4859 /* ASIDataDecompressor.h */,
				CEF5D5D61864482E005E4859 /* ASIDataDecompressor.m */,
				CEF5D5D71864482E005E4859 /* ASIDownloadCache.h */,
				CEF5D5D81864482E005E4859 /* ASIDownloadCache.m */,
				CEF5D5D91864482E005E4859 /* ASIFormDataRequest.h */,
				CEF5D5DA1864482E005E4859 /* ASIFormDataRequest.m */,
				CEF5D5DB1864482E005E4859 /* ASIHTTPRequest.h */,
				CEF5D5DC1864482E005E4859 /* ASIHTTPRequest.m */,
				CEF5D5DD1864482E005E4859 /* ASIHTTPRequestConfig.h */,
				CEF5D5DE1864482E005E4859 /* ASIHTTPRequestDelegate.h */,
				CEF5D5DF1864482E005E4859 /* ASIInputStream.h */,
				CEF5D5E01864482E005E4859 /* ASIInputStream.m */,
				CEF5D5E11864482E005E4859 /* ASINetworkQueue.h */,
				CEF5D5E21864482E005E4859 /* ASINetworkQueue.m */,
				CEF5D5E31864482E005E4859 /* ASIProgressDelegate.h */,
				CEF5D5E41864482E005E4859 /* ASIWebPageRequest */,
				CEF5D5E71864482E005E4859 /* CloudFiles */,
				CEF5D5F61864482E005E4859 /* S3 */,
			);
			path = Classes;
			sourceTree = "<group>";
		};
		CEF5D5E41864482E005E4859 /* ASIWebPageRequest */ = {
			isa = PBXGroup;
			children = (
				CEF5D5E51864482E005E4859 /* ASIWebPageRequest.h */,
				CEF5D5E61864482E005E4859 /* ASIWebPageRequest.m */,
			);
			path = ASIWebPageRequest;
			sourceTree = "<group>";
		};
		CEF5D5E71864482E005E4859 /* CloudFiles */ = {
			isa = PBXGroup;
			children = (
				CEF5D5E81864482E005E4859 /* ASICloudFilesCDNRequest.h */,
				CEF5D5E91864482E005E4859 /* ASICloudFilesCDNRequest.m */,
				CEF5D5EA1864482E005E4859 /* ASICloudFilesContainer.h */,
				CEF5D5EB1864482E005E4859 /* ASICloudFilesContainer.m */,
				CEF5D5EC1864482E005E4859 /* ASICloudFilesContainerRequest.h */,
				CEF5D5ED1864482E005E4859 /* ASICloudFilesContainerRequest.m */,
				CEF5D5EE1864482E005E4859 /* ASICloudFilesContainerXMLParserDelegate.h */,
				CEF5D5EF1864482E005E4859 /* ASICloudFilesContainerXMLParserDelegate.m */,
				CEF5D5F01864482E005E4859 /* ASICloudFilesObject.h */,
				CEF5D5F11864482E005E4859 /* ASICloudFilesObject.m */,
				CEF5D5F21864482E005E4859 /* ASICloudFilesObjectRequest.h */,
				CEF5D5F31864482E005E4859 /* ASICloudFilesObjectRequest.m */,
				CEF5D5F41864482E005E4859 /* ASICloudFilesRequest.h */,
				CEF5D5F51864482E005E4859 /* ASICloudFilesRequest.m */,
			);
			path = CloudFiles;
			sourceTree = "<group>";
		};
		CEF5D5F61864482E005E4859 /* S3 */ = {
			isa = PBXGroup;
			children = (
				CEF5D5F71864482E005E4859 /* ASINSXMLParserCompat.h */,
				CEF5D5F81864482E005E4859 /* ASIS3Bucket.h */,
				CEF5D5F91864482E005E4859 /* ASIS3Bucket.m */,
				CEF5D5FA1864482E005E4859 /* ASIS3BucketObject.h */,
				CEF5D5FB1864482E005E4859 /* ASIS3BucketObject.m */,
				CEF5D5FC1864482E005E4859 /* ASIS3BucketRequest.h */,
				CEF5D5FD1864482E005E4859 /* ASIS3BucketRequest.m */,
				CEF5D5FE1864482E005E4859 /* ASIS3ObjectRequest.h */,
				CEF5D5FF1864482E005E4859 /* ASIS3ObjectRequest.m */,
				CEF5D6001864482E005E4859 /* ASIS3Request.h */,
				CEF5D6011864482E005E4859 /* ASIS3Request.m */,
				CEF5D6021864482E005E4859 /* ASIS3ServiceRequest.h */,
				CEF5D6031864482E005E4859 /* ASIS3ServiceRequest.m */,
			);
			path = S3;
			sourceTree = "<group>";
		};
		CEF5D6041864482E005E4859 /* External */ = {
			isa = PBXGroup;
			children = (
				CEF5D6051864482E005E4859 /* Reachability */,
			);
			path = External;
			sourceTree = "<group>";
		};
		CEF5D6051864482E005E4859 /* Reachability */ = {
			isa = PBXGroup;
			children = (
				CEF5D6061864482E005E4859 /* Reachability.h */,
				CEF5D6071864482E005E4859 /* Reachability.m */,
			);
			path = Reachability;
			sourceTree = "<group>";
		};
/* End PBXGroup section */

/* Begin PBXNativeTarget section */
		CEF5D542186447A1005E4859 /* HeartTrace */ = {
			isa = PBXNativeTarget;
			buildConfigurationList = CEF5D575186447A1005E4859 /* Build configuration list for PBXNativeTarget "HeartTrace" */;
			buildPhases = (
				CEF5D53F186447A1005E4859 /* Sources */,
				CEF5D540186447A1005E4859 /* Frameworks */,
				CEF5D541186447A1005E4859 /* Resources */,
			);
			buildRules = (
			);
			dependencies = (
			);
			name = HeartTrace;
			productName = HeartTrace;
			productReference = CEF5D543186447A1005E4859 /* HeartTrace.app */;
			productType = "com.apple.product-type.application";
		};
		CEF5D562186447A1005E4859 /* HeartTraceTests */ = {
			isa = PBXNativeTarget;
			buildConfigurationList = CEF5D578186447A1005E4859 /* Build configuration list for PBXNativeTarget "HeartTraceTests" */;
			buildPhases = (
				CEF5D55E186447A1005E4859 /* Sources */,
				CEF5D55F186447A1005E4859 /* Frameworks */,
				CEF5D560186447A1005E4859 /* Resources */,
				CEF5D561186447A1005E4859 /* ShellScript */,
			);
			buildRules = (
			);
			dependencies = (
				CEF5D569186447A1005E4859 /* PBXTargetDependency */,
			);
			name = HeartTraceTests;
			productName = HeartTraceTests;
			productReference = CEF5D563186447A1005E4859 /* HeartTraceTests.octest */;
			productType = "com.apple.product-type.bundle";
		};
/* End PBXNativeTarget section */

/* Begin PBXProject section */
		CEF5D53B186447A1005E4859 /* Project object */ = {
			isa = PBXProject;
			attributes = {
				LastUpgradeCheck = 0460;
				ORGANIZATIONNAME = voole;
				TargetAttributes = {
					CEF5D542186447A1005E4859 = {
						DevelopmentTeam = NTMVDDFE2X;
					};
				};
			};
			buildConfigurationList = CEF5D53E186447A1005E4859 /* Build configuration list for PBXProject "HeartTrace" */;
			compatibilityVersion = "Xcode 3.2";
			developmentRegion = English;
			hasScannedForEncodings = 0;
			knownRegions = (
				en,
				"zh-Hans",
			);
			mainGroup = CEF5D53A186447A1005E4859;
			productRefGroup = CEF5D544186447A1005E4859 /* Products */;
			projectDirPath = "";
			projectRoot = "";
			targets = (
				CEF5D542186447A1005E4859 /* HeartTrace */,
				CEF5D562186447A1005E4859 /* HeartTraceTests */,
			);
		};
/* End PBXProject section */

/* Begin PBXResourcesBuildPhase section */
		CEF5D541186447A1005E4859 /* Resources */ = {
			isa = PBXResourcesBuildPhase;
			buildActionMask = 2147483647;
			files = (
				CEF5D551186447A1005E4859 /* InfoPlist.strings in Resources */,
				CEF5D559186447A1005E4859 /* Default.png in Resources */,
				CEF5D55B186447A1005E4859 /* Default@2x.png in Resources */,
				CEF5D55D186447A1005E4859 /* Default-568h@2x.png in Resources */,
				CEB463761867DE7B00452BD2 /* Localizable.strings in Resources */,
				CEB4638218680EC900452BD2 /* IntroductionViewController.xib in Resources */,
				CEB4638C18681D8D00452BD2 /* BrowseViewController.xib in Resources */,
				CEB463941868355C00452BD2 /* WishWallTableViewController.xib in Resources */,
				CE6E2416187BE1EB001672E6 /* profile.jpeg in Resources */,
				CE042231187D310800450137 /* ProductDetailViewController.xib in Resources */,
				CE042236187D37E900450137 /* AddWishViewController.xib in Resources */,
				CE6EAEA318867A4400ACE7A5 /* ImageCollectionViewCell.xib in Resources */,
				CEF524E218877A7F0063E830 /* QBImagePickerController.bundle in Resources */,
			);
			runOnlyForDeploymentPostprocessing = 0;
		};
		CEF5D560186447A1005E4859 /* Resources */ = {
			isa = PBXResourcesBuildPhase;
			buildActionMask = 2147483647;
			files = (
				CEF5D56F186447A1005E4859 /* InfoPlist.strings in Resources */,
			);
			runOnlyForDeploymentPostprocessing = 0;
		};
/* End PBXResourcesBuildPhase section */

/* Begin PBXShellScriptBuildPhase section */
		CEF5D561186447A1005E4859 /* ShellScript */ = {
			isa = PBXShellScriptBuildPhase;
			buildActionMask = 2147483647;
			files = (
			);
			inputPaths = (
			);
			outputPaths = (
			);
			runOnlyForDeploymentPostprocessing = 0;
			shellPath = /bin/sh;
			shellScript = "# Run the unit tests in this test bundle.\n\"${SYSTEM_DEVELOPER_DIR}/Tools/RunUnitTests\"\n";
		};
/* End PBXShellScriptBuildPhase section */

/* Begin PBXSourcesBuildPhase section */
		CEF5D53F186447A1005E4859 /* Sources */ = {
			isa = PBXSourcesBuildPhase;
			buildActionMask = 2147483647;
			files = (
				CEF5D553186447A1005E4859 /* main.m in Sources */,
				CEF5D557186447A1005E4859 /* AppDelegate.m in Sources */,
				CEF5D6081864482E005E4859 /* ASIAuthenticationDialog.m in Sources */,
				CEF5D6091864482E005E4859 /* ASIDataCompressor.m in Sources */,
				CEF5D60A1864482E005E4859 /* ASIDataDecompressor.m in Sources */,
				CEF5D60B1864482E005E4859 /* ASIDownloadCache.m in Sources */,
				CEF5D60C1864482E005E4859 /* ASIFormDataRequest.m in Sources */,
				CEF5D60D1864482E005E4859 /* ASIHTTPRequest.m in Sources */,
				CEF5D60E1864482E005E4859 /* ASIInputStream.m in Sources */,
				CEF5D60F1864482E005E4859 /* ASINetworkQueue.m in Sources */,
				CEF5D6101864482E005E4859 /* ASIWebPageRequest.m in Sources */,
				CEF5D6111864482E005E4859 /* ASICloudFilesCDNRequest.m in Sources */,
				CEF5D6121864482E005E4859 /* ASICloudFilesContainer.m in Sources */,
				CEF5D6131864482E005E4859 /* ASICloudFilesContainerRequest.m in Sources */,
				CEF5D6141864482E005E4859 /* ASICloudFilesContainerXMLParserDelegate.m in Sources */,
				CEF5D6151864482E005E4859 /* ASICloudFilesObject.m in Sources */,
				CEF5D6161864482E005E4859 /* ASICloudFilesObjectRequest.m in Sources */,
				CEF5D6171864482E005E4859 /* ASICloudFilesRequest.m in Sources */,
				CEF5D6181864482E005E4859 /* ASIS3Bucket.m in Sources */,
				CEF5D6191864482E005E4859 /* ASIS3BucketObject.m in Sources */,
				CEF5D61A1864482E005E4859 /* ASIS3BucketRequest.m in Sources */,
				CEF5D61B1864482E005E4859 /* ASIS3ObjectRequest.m in Sources */,
				CEF5D61C1864482E005E4859 /* ASIS3Request.m in Sources */,
				CEF5D61D1864482E005E4859 /* ASIS3ServiceRequest.m in Sources */,
				CEF5D61E1864482E005E4859 /* Reachability.m in Sources */,
				CEB4638118680EC900452BD2 /* IntroductionViewController.m in Sources */,
				CEB4638B18681D8D00452BD2 /* BrowseViewController.m in Sources */,
				CEB4638F18681DEA00452BD2 /* AccoutViewController.m in Sources */,
				CEB463931868355C00452BD2 /* WishWallTableViewController.m in Sources */,
				CEB46398186936D300452BD2 /* RequestURLUtility.m in Sources */,
				CE12834D186D5B47000D9A2A /* Wish.m in Sources */,
				CE128350186D5B65000D9A2A /* ElementsContainer.m in Sources */,
				CE128353186D5BF5000D9A2A /* WishPageParser.m in Sources */,
				CE128358186D6F77000D9A2A /* WishTableViewCell.m in Sources */,
				CE12835B186D74FF000D9A2A /* ViewUtility.m in Sources */,
				CEC187BB187150870045AFA4 /* UIImage+Resize.m in Sources */,
				CEC187BE187156E20045AFA4 /* Product.m in Sources */,
				CEC187C11871570F0045AFA4 /* User.m in Sources */,
				CEC187C418715E7C0045AFA4 /* Organization.m in Sources */,
				CEC187E3187265450045AFA4 /* MKAnnotationView+WebCache.m in Sources */,
				CEC187E4187265450045AFA4 /* NSData+GIF.m in Sources */,
				CEC187E5187265450045AFA4 /* SDImageCache.m in Sources */,
				CEC187E6187265450045AFA4 /* SDWebImageCompat.m in Sources */,
				CEC187E7187265450045AFA4 /* SDWebImageDecoder.m in Sources */,
				CEC187E8187265450045AFA4 /* SDWebImageDownloader.m in Sources */,
				CEC187E9187265450045AFA4 /* SDWebImageDownloaderOperation.m in Sources */,
				CEC187EA187265450045AFA4 /* SDWebImageManager.m in Sources */,
				CEC187EB187265450045AFA4 /* SDWebImagePrefetcher.m in Sources */,
				CEC187EC187265450045AFA4 /* UIButton+WebCache.m in Sources */,
				CEC187ED187265450045AFA4 /* UIImage+GIF.m in Sources */,
				CEC187EE187265450045AFA4 /* UIImage+MultiFormat.m in Sources */,
				CEC187EF187265450045AFA4 /* UIImage+WebP.m in Sources */,
				CEC187F0187265450045AFA4 /* UIImageView+WebCache.m in Sources */,
				CEC187F91872A7AA0045AFA4 /* FakeDataFactory.m in Sources */,
				CED6B34118769FB6004679F7 /* ImageInfo.m in Sources */,
				CE042229187D2F2700450137 /* HMSegmentedControl.m in Sources */,
				CE042230187D310800450137 /* ProductDetailViewController.m in Sources */,
				CE042235187D37E900450137 /* AddWishViewController.m in Sources */,
				CEF524DF18877A7F0063E830 /* QBAssetCollectionViewController.m in Sources */,
				CEF524E018877A7F0063E830 /* QBImagePickerAssetCell.m in Sources */,
				CEF524E118877A7F0063E830 /* QBImagePickerAssetView.m in Sources */,
				CEF524E318877A7F0063E830 /* QBImagePickerController.m in Sources */,
				CEF524E418877A7F0063E830 /* QBImagePickerFooterView.m in Sources */,
				CEF524E518877A7F0063E830 /* QBImagePickerGroupCell.m in Sources */,
				CEF524E618877A7F0063E830 /* QBImagePickerVideoInfoView.m in Sources */,
			);
			runOnlyForDeploymentPostprocessing = 0;
		};
		CEF5D55E186447A1005E4859 /* Sources */ = {
			isa = PBXSourcesBuildPhase;
			buildActionMask = 2147483647;
			files = (
				CEF5D572186447A1005E4859 /* HeartTraceTests.m in Sources */,
			);
			runOnlyForDeploymentPostprocessing = 0;
		};
/* End PBXSourcesBuildPhase section */

/* Begin PBXTargetDependency section */
		CEF5D569186447A1005E4859 /* PBXTargetDependency */ = {
			isa = PBXTargetDependency;
			target = CEF5D542186447A1005E4859 /* HeartTrace */;
			targetProxy = CEF5D568186447A1005E4859 /* PBXContainerItemProxy */;
		};
/* End PBXTargetDependency section */

/* Begin PBXVariantGroup section */
		CE6E2418187BE1EB001672E6 /* profile.jpeg */ = {
			isa = PBXVariantGroup;
			children = (
				CE6E2417187BE1EB001672E6 /* zh-Hans */,
				CE6E2419187BE232001672E6 /* en */,
			);
			name = profile.jpeg;
			path = Image;
			sourceTree = "<group>";
		};
		CEB463781867DE7B00452BD2 /* Localizable.strings */ = {
			isa = PBXVariantGroup;
			children = (
				CEB463771867DE7B00452BD2 /* zh-Hans */,
				CEB463791867DEB800452BD2 /* en */,
			);
			name = Localizable.strings;
			sourceTree = "<group>";
		};
		CEF5D54F186447A1005E4859 /* InfoPlist.strings */ = {
			isa = PBXVariantGroup;
			children = (
				CEF5D550186447A1005E4859 /* en */,
				CEB463721867DD0F00452BD2 /* zh-Hans */,
			);
			name = InfoPlist.strings;
			sourceTree = "<group>";
		};
		CEF5D56D186447A1005E4859 /* InfoPlist.strings */ = {
			isa = PBXVariantGroup;
			children = (
				CEF5D56E186447A1005E4859 /* en */,
				CEB463731867DD0F00452BD2 /* zh-Hans */,
			);
			name = InfoPlist.strings;
			sourceTree = "<group>";
		};
/* End PBXVariantGroup section */

/* Begin XCBuildConfiguration section */
		CEF5D573186447A1005E4859 /* Debug */ = {
			isa = XCBuildConfiguration;
			buildSettings = {
				ALWAYS_SEARCH_USER_PATHS = NO;
				CLANG_CXX_LANGUAGE_STANDARD = "gnu++0x";
				CLANG_CXX_LIBRARY = "libc++";
				CLANG_WARN_CONSTANT_CONVERSION = YES;
				CLANG_WARN_EMPTY_BODY = YES;
				CLANG_WARN_ENUM_CONVERSION = YES;
				CLANG_WARN_INT_CONVERSION = YES;
				CLANG_WARN__DUPLICATE_METHOD_MATCH = YES;
				"CODE_SIGN_IDENTITY[sdk=iphoneos*]" = "iPhone Developer";
				COPY_PHASE_STRIP = NO;
				GCC_C_LANGUAGE_STANDARD = gnu99;
				GCC_DYNAMIC_NO_PIC = NO;
				GCC_OPTIMIZATION_LEVEL = 0;
				GCC_PREPROCESSOR_DEFINITIONS = (
					"DEBUG=1",
					"$(inherited)",
				);
				GCC_SYMBOLS_PRIVATE_EXTERN = NO;
				GCC_WARN_ABOUT_RETURN_TYPE = YES;
				GCC_WARN_UNINITIALIZED_AUTOS = YES;
				GCC_WARN_UNUSED_VARIABLE = YES;
				IPHONEOS_DEPLOYMENT_TARGET = 6.1;
				ONLY_ACTIVE_ARCH = YES;
				SDKROOT = iphoneos;
			};
			name = Debug;
		};
		CEF5D574186447A1005E4859 /* Release */ = {
			isa = XCBuildConfiguration;
			buildSettings = {
				ALWAYS_SEARCH_USER_PATHS = NO;
				CLANG_CXX_LANGUAGE_STANDARD = "gnu++0x";
				CLANG_CXX_LIBRARY = "libc++";
				CLANG_WARN_CONSTANT_CONVERSION = YES;
				CLANG_WARN_EMPTY_BODY = YES;
				CLANG_WARN_ENUM_CONVERSION = YES;
				CLANG_WARN_INT_CONVERSION = YES;
				CLANG_WARN__DUPLICATE_METHOD_MATCH = YES;
				"CODE_SIGN_IDENTITY[sdk=iphoneos*]" = "iPhone Developer";
				COPY_PHASE_STRIP = YES;
				GCC_C_LANGUAGE_STANDARD = gnu99;
				GCC_WARN_ABOUT_RETURN_TYPE = YES;
				GCC_WARN_UNINITIALIZED_AUTOS = YES;
				GCC_WARN_UNUSED_VARIABLE = YES;
				IPHONEOS_DEPLOYMENT_TARGET = 6.1;
				OTHER_CFLAGS = "-DNS_BLOCK_ASSERTIONS=1";
				SDKROOT = iphoneos;
				VALIDATE_PRODUCT = YES;
			};
			name = Release;
		};
		CEF5D576186447A1005E4859 /* Debug */ = {
			isa = XCBuildConfiguration;
			buildSettings = {
				CODE_SIGN_IDENTITY = "iPhone Developer";
				"CODE_SIGN_IDENTITY[sdk=iphoneos*]" = "iPhone Developer";
				GCC_PRECOMPILE_PREFIX_HEADER = YES;
				GCC_PREFIX_HEADER = "HeartTrace/HeartTrace-Prefix.pch";
				HEADER_SEARCH_PATHS = "${SDK_DIR}/usr/include/libxml2";
				INFOPLIST_FILE = "HeartTrace/HeartTrace-Info.plist";
				IPHONEOS_DEPLOYMENT_TARGET = 6.1;
				PRODUCT_NAME = "$(TARGET_NAME)";
				PROVISIONING_PROFILE = "";
				WRAPPER_EXTENSION = app;
			};
			name = Debug;
		};
		CEF5D577186447A1005E4859 /* Release */ = {
			isa = XCBuildConfiguration;
			buildSettings = {
				CODE_SIGN_IDENTITY = "iPhone Developer";
				"CODE_SIGN_IDENTITY[sdk=iphoneos*]" = "iPhone Developer";
				GCC_PRECOMPILE_PREFIX_HEADER = YES;
				GCC_PREFIX_HEADER = "HeartTrace/HeartTrace-Prefix.pch";
				HEADER_SEARCH_PATHS = "${SDK_DIR}/usr/include/libxml2";
				INFOPLIST_FILE = "HeartTrace/HeartTrace-Info.plist";
				IPHONEOS_DEPLOYMENT_TARGET = 6.1;
				PRODUCT_NAME = "$(TARGET_NAME)";
				PROVISIONING_PROFILE = "";
				WRAPPER_EXTENSION = app;
			};
			name = Release;
		};
		CEF5D579186447A1005E4859 /* Debug */ = {
			isa = XCBuildConfiguration;
			buildSettings = {
				BUNDLE_LOADER = "$(BUILT_PRODUCTS_DIR)/HeartTrace.app/HeartTrace";
				FRAMEWORK_SEARCH_PATHS = (
					"\"$(SDKROOT)/Developer/Library/Frameworks\"",
					"\"$(DEVELOPER_LIBRARY_DIR)/Frameworks\"",
				);
				GCC_PRECOMPILE_PREFIX_HEADER = YES;
				GCC_PREFIX_HEADER = "HeartTrace/HeartTrace-Prefix.pch";
				INFOPLIST_FILE = "HeartTraceTests/HeartTraceTests-Info.plist";
				PRODUCT_NAME = "$(TARGET_NAME)";
				TEST_HOST = "$(BUNDLE_LOADER)";
				WRAPPER_EXTENSION = octest;
			};
			name = Debug;
		};
		CEF5D57A186447A1005E4859 /* Release */ = {
			isa = XCBuildConfiguration;
			buildSettings = {
				BUNDLE_LOADER = "$(BUILT_PRODUCTS_DIR)/HeartTrace.app/HeartTrace";
				FRAMEWORK_SEARCH_PATHS = (
					"\"$(SDKROOT)/Developer/Library/Frameworks\"",
					"\"$(DEVELOPER_LIBRARY_DIR)/Frameworks\"",
				);
				GCC_PRECOMPILE_PREFIX_HEADER = YES;
				GCC_PREFIX_HEADER = "HeartTrace/HeartTrace-Prefix.pch";
				INFOPLIST_FILE = "HeartTraceTests/HeartTraceTests-Info.plist";
				PRODUCT_NAME = "$(TARGET_NAME)";
				TEST_HOST = "$(BUNDLE_LOADER)";
				WRAPPER_EXTENSION = octest;
			};
			name = Release;
		};
/* End XCBuildConfiguration section */

/* Begin XCConfigurationList section */
		CEF5D53E186447A1005E4859 /* Build configuration list for PBXProject "HeartTrace" */ = {
			isa = XCConfigurationList;
			buildConfigurations = (
				CEF5D573186447A1005E4859 /* Debug */,
				CEF5D574186447A1005E4859 /* Release */,
			);
			defaultConfigurationIsVisible = 0;
			defaultConfigurationName = Release;
		};
		CEF5D575186447A1005E4859 /* Build configuration list for PBXNativeTarget "HeartTrace" */ = {
			isa = XCConfigurationList;
			buildConfigurations = (
				CEF5D576186447A1005E4859 /* Debug */,
				CEF5D577186447A1005E4859 /* Release */,
			);
			defaultConfigurationIsVisible = 0;
			defaultConfigurationName = Release;
		};
		CEF5D578186447A1005E4859 /* Build configuration list for PBXNativeTarget "HeartTraceTests" */ = {
			isa = XCConfigurationList;
			buildConfigurations = (
				CEF5D579186447A1005E4859 /* Debug */,
				CEF5D57A186447A1005E4859 /* Release */,
			);
			defaultConfigurationIsVisible = 0;
			defaultConfigurationName = Release;
		};
/* End XCConfigurationList section */
	};
	rootObject = CEF5D53B186447A1005E4859 /* Project object */;
}
